
Microsoft Visual Studio Solution File, Format Version 12.00
# Visual Studio Version 17
VisualStudioVersion = 17.11.35208.52
MinimumVisualStudioVersion = 10.0.40219.1
Project("{9A19103F-16F7-4668-BE54-9A1E7A4F7556}") = "Babble.Core", "Babble.Core.csproj", "{C243810D-B621-4317-90F9-2B8DCAF03792}"
EndProject
Project("{9A19103F-16F7-4668-BE54-9A1E7A4F7556}") = "Babble.Tests", "..\Babble.Tests\Babble.Tests.csproj", "{C66B2A7B-EA24-49A5-91DB-5482CF48B3DA}"
EndProject
Project("{9A19103F-16F7-4668-BE54-9A1E7A4F7556}") = "Babble.Avalonia", "..\Babble.Avalonia\Babble.Avalonia.csproj", "{4DD68B68-D3F1-4E71-AADA-CC37DC52E64D}"
EndProject
Project("{9A19103F-16F7-4668-BE54-9A1E7A4F7556}") = "Babble.Avalonia.Android", "..\Babble.Avalonia.Android\Babble.Avalonia.Android.csproj", "{BFFCAA8C-983F-46C8-A5B7-D9817598791D}"
EndProject
Project("{9A19103F-16F7-4668-BE54-9A1E7A4F7556}") = "Babble.Avalonia.Desktop", "..\Babble.Avalonia.Desktop\Babble.Avalonia.Desktop.csproj", "{19E05D1B-775E-4EE1-97CC-7AD5CBA4D163}"
EndProject
Project("{9A19103F-16F7-4668-BE54-9A1E7A4F7556}") = "Babble.Avalonia.iOS", "..\Babble.Avalonia.iOS\Babble.Avalonia.iOS.csproj", "{231DDCFE-0931-465F-87C4-8D79D9CEECB2}"
EndProject
Project("{9A19103F-16F7-4668-BE54-9A1E7A4F7556}") = "VRCFaceTracking.Core", "..\VRCFaceTracking\VRCFaceTracking.Core\VRCFaceTracking.Core.csproj", "{28903F6A-6E4B-4CD0-A31F-FDDA43025A31}"
EndProject
Project("{9A19103F-16F7-4668-BE54-9A1E7A4F7556}") = "VRCFaceTracking.SDK", "..\VRCFaceTracking\VRCFaceTracking.SDK\VRCFaceTracking.SDK.csproj", "{B39D4700-2BD3-4BB5-A55B-FEA738B17972}"
EndProject
Project("{9A19103F-16F7-4668-BE54-9A1E7A4F7556}") = "Babble.Benchmarks", "..\Babble.Benchmarks\Babble.Benchmarks.csproj", "{831FED58-B94E-40A8-8DC3-54F2EF36E879}"
EndProject
Project("{9A19103F-16F7-4668-BE54-9A1E7A4F7556}") = "DesktopNotifications", "..\DesktopNotifications\DesktopNotifications\DesktopNotifications.csproj", "{BB67839B-70D4-430F-9090-5662B5527031}"
EndProject
Project("{9A19103F-16F7-4668-BE54-9A1E7A4F7556}") = "DesktopNotifications.Apple", "..\DesktopNotifications\DesktopNotifications.Apple\DesktopNotifications.Apple.csproj", "{BFC4F6F2-0FAF-4A12-BD71-C9387947D162}"
EndProject
Project("{9A19103F-16F7-4668-BE54-9A1E7A4F7556}") = "DesktopNotifications.FreeDesktop", "..\DesktopNotifications\DesktopNotifications.FreeDesktop\DesktopNotifications.FreeDesktop.csproj", "{24CEE4FB-0086-4C24-8CB8-D54F5D3E28F4}"
EndProject
Project("{9A19103F-16F7-4668-BE54-9A1E7A4F7556}") = "DesktopNotifications.Windows", "..\DesktopNotifications\DesktopNotifications.Windows\DesktopNotifications.Windows.csproj", "{2DF77CDC-F77A-4C73-BE84-F61114ADB8E9}"
EndProject
Project("{FAE04EC0-301F-11D3-BF4B-00C04F79EFBC}") = "MobileNotifications.Android", "..\DesktopNotifications\MobileNotifications.Android\MobileNotifications.Android.csproj", "{A20B6C45-1B0B-4A5D-8EC2-937A74C80014}"
EndProject
Project("{FAE04EC0-301F-11D3-BF4B-00C04F79EFBC}") = "MobileNotifications.iOS", "..\DesktopNotifications\MobileNotifications.iOS\MobileNotifications.iOS.csproj", "{651783C2-0F8D-4AA4-9E63-DC51AF8D3C84}"
EndProject
Global
	GlobalSection(SolutionConfigurationPlatforms) = preSolution
		Debug|Any CPU = Debug|Any CPU
		Debug|ARM = Debug|ARM
		Debug|ARM64 = Debug|ARM64
		Debug|x64 = Debug|x64
		Debug|x86 = Debug|x86
		Release|Any CPU = Release|Any CPU
		Release|ARM = Release|ARM
		Release|ARM64 = Release|ARM64
		Release|x64 = Release|x64
		Release|x86 = Release|x86
	EndGlobalSection
	GlobalSection(ProjectConfigurationPlatforms) = postSolution
		{C243810D-B621-4317-90F9-2B8DCAF03792}.Debug|Any CPU.ActiveCfg = Debug|Any CPU
		{C243810D-B621-4317-90F9-2B8DCAF03792}.Debug|Any CPU.Build.0 = Debug|Any CPU
		{C243810D-B621-4317-90F9-2B8DCAF03792}.Debug|ARM.ActiveCfg = Debug|Any CPU
		{C243810D-B621-4317-90F9-2B8DCAF03792}.Debug|ARM.Build.0 = Debug|Any CPU
		{C243810D-B621-4317-90F9-2B8DCAF03792}.Debug|ARM64.ActiveCfg = Debug|Any CPU
		{C243810D-B621-4317-90F9-2B8DCAF03792}.Debug|ARM64.Build.0 = Debug|Any CPU
		{C243810D-B621-4317-90F9-2B8DCAF03792}.Debug|x64.ActiveCfg = Debug|Any CPU
		{C243810D-B621-4317-90F9-2B8DCAF03792}.Debug|x64.Build.0 = Debug|Any CPU
		{C243810D-B621-4317-90F9-2B8DCAF03792}.Debug|x86.ActiveCfg = Debug|Any CPU
		{C243810D-B621-4317-90F9-2B8DCAF03792}.Debug|x86.Build.0 = Debug|Any CPU
		{C243810D-B621-4317-90F9-2B8DCAF03792}.Release|Any CPU.ActiveCfg = Release|Any CPU
		{C243810D-B621-4317-90F9-2B8DCAF03792}.Release|Any CPU.Build.0 = Release|Any CPU
		{C243810D-B621-4317-90F9-2B8DCAF03792}.Release|ARM.ActiveCfg = Release|Any CPU
		{C243810D-B621-4317-90F9-2B8DCAF03792}.Release|ARM.Build.0 = Release|Any CPU
		{C243810D-B621-4317-90F9-2B8DCAF03792}.Release|ARM64.ActiveCfg = Release|Any CPU
		{C243810D-B621-4317-90F9-2B8DCAF03792}.Release|ARM64.Build.0 = Release|Any CPU
		{C243810D-B621-4317-90F9-2B8DCAF03792}.Release|x64.ActiveCfg = Release|Any CPU
		{C243810D-B621-4317-90F9-2B8DCAF03792}.Release|x64.Build.0 = Release|Any CPU
		{C243810D-B621-4317-90F9-2B8DCAF03792}.Release|x86.ActiveCfg = Release|Any CPU
		{C243810D-B621-4317-90F9-2B8DCAF03792}.Release|x86.Build.0 = Release|Any CPU
		{C66B2A7B-EA24-49A5-91DB-5482CF48B3DA}.Debug|Any CPU.ActiveCfg = Debug|Any CPU
		{C66B2A7B-EA24-49A5-91DB-5482CF48B3DA}.Debug|Any CPU.Build.0 = Debug|Any CPU
		{C66B2A7B-EA24-49A5-91DB-5482CF48B3DA}.Debug|ARM.ActiveCfg = Debug|Any CPU
		{C66B2A7B-EA24-49A5-91DB-5482CF48B3DA}.Debug|ARM.Build.0 = Debug|Any CPU
		{C66B2A7B-EA24-49A5-91DB-5482CF48B3DA}.Debug|ARM64.ActiveCfg = Debug|Any CPU
		{C66B2A7B-EA24-49A5-91DB-5482CF48B3DA}.Debug|ARM64.Build.0 = Debug|Any CPU
		{C66B2A7B-EA24-49A5-91DB-5482CF48B3DA}.Debug|x64.ActiveCfg = Debug|Any CPU
		{C66B2A7B-EA24-49A5-91DB-5482CF48B3DA}.Debug|x64.Build.0 = Debug|Any CPU
		{C66B2A7B-EA24-49A5-91DB-5482CF48B3DA}.Debug|x86.ActiveCfg = Debug|Any CPU
		{C66B2A7B-EA24-49A5-91DB-5482CF48B3DA}.Debug|x86.Build.0 = Debug|Any CPU
		{C66B2A7B-EA24-49A5-91DB-5482CF48B3DA}.Release|Any CPU.ActiveCfg = Release|Any CPU
		{C66B2A7B-EA24-49A5-91DB-5482CF48B3DA}.Release|Any CPU.Build.0 = Release|Any CPU
		{C66B2A7B-EA24-49A5-91DB-5482CF48B3DA}.Release|ARM.ActiveCfg = Release|Any CPU
		{C66B2A7B-EA24-49A5-91DB-5482CF48B3DA}.Release|ARM.Build.0 = Release|Any CPU
		{C66B2A7B-EA24-49A5-91DB-5482CF48B3DA}.Release|ARM64.ActiveCfg = Release|Any CPU
		{C66B2A7B-EA24-49A5-91DB-5482CF48B3DA}.Release|ARM64.Build.0 = Release|Any CPU
		{C66B2A7B-EA24-49A5-91DB-5482CF48B3DA}.Release|x64.ActiveCfg = Release|Any CPU
		{C66B2A7B-EA24-49A5-91DB-5482CF48B3DA}.Release|x64.Build.0 = Release|Any CPU
		{C66B2A7B-EA24-49A5-91DB-5482CF48B3DA}.Release|x86.ActiveCfg = Release|Any CPU
		{C66B2A7B-EA24-49A5-91DB-5482CF48B3DA}.Release|x86.Build.0 = Release|Any CPU
		{4DD68B68-D3F1-4E71-AADA-CC37DC52E64D}.Debug|Any CPU.ActiveCfg = Debug|Any CPU
		{4DD68B68-D3F1-4E71-AADA-CC37DC52E64D}.Debug|Any CPU.Build.0 = Debug|Any CPU
		{4DD68B68-D3F1-4E71-AADA-CC37DC52E64D}.Debug|ARM.ActiveCfg = Debug|Any CPU
		{4DD68B68-D3F1-4E71-AADA-CC37DC52E64D}.Debug|ARM.Build.0 = Debug|Any CPU
		{4DD68B68-D3F1-4E71-AADA-CC37DC52E64D}.Debug|ARM64.ActiveCfg = Debug|Any CPU
		{4DD68B68-D3F1-4E71-AADA-CC37DC52E64D}.Debug|ARM64.Build.0 = Debug|Any CPU
		{4DD68B68-D3F1-4E71-AADA-CC37DC52E64D}.Debug|x64.ActiveCfg = Debug|Any CPU
		{4DD68B68-D3F1-4E71-AADA-CC37DC52E64D}.Debug|x64.Build.0 = Debug|Any CPU
		{4DD68B68-D3F1-4E71-AADA-CC37DC52E64D}.Debug|x86.ActiveCfg = Debug|Any CPU
		{4DD68B68-D3F1-4E71-AADA-CC37DC52E64D}.Debug|x86.Build.0 = Debug|Any CPU
		{4DD68B68-D3F1-4E71-AADA-CC37DC52E64D}.Release|Any CPU.ActiveCfg = Release|Any CPU
		{4DD68B68-D3F1-4E71-AADA-CC37DC52E64D}.Release|Any CPU.Build.0 = Release|Any CPU
		{4DD68B68-D3F1-4E71-AADA-CC37DC52E64D}.Release|ARM.ActiveCfg = Release|Any CPU
		{4DD68B68-D3F1-4E71-AADA-CC37DC52E64D}.Release|ARM.Build.0 = Release|Any CPU
		{4DD68B68-D3F1-4E71-AADA-CC37DC52E64D}.Release|ARM64.ActiveCfg = Release|Any CPU
		{4DD68B68-D3F1-4E71-AADA-CC37DC52E64D}.Release|ARM64.Build.0 = Release|Any CPU
		{4DD68B68-D3F1-4E71-AADA-CC37DC52E64D}.Release|x64.ActiveCfg = Release|Any CPU
		{4DD68B68-D3F1-4E71-AADA-CC37DC52E64D}.Release|x64.Build.0 = Release|Any CPU
		{4DD68B68-D3F1-4E71-AADA-CC37DC52E64D}.Release|x86.ActiveCfg = Release|Any CPU
		{4DD68B68-D3F1-4E71-AADA-CC37DC52E64D}.Release|x86.Build.0 = Release|Any CPU
		{BFFCAA8C-983F-46C8-A5B7-D9817598791D}.Debug|Any CPU.ActiveCfg = Debug|Any CPU
		{BFFCAA8C-983F-46C8-A5B7-D9817598791D}.Debug|Any CPU.Build.0 = Debug|Any CPU
		{BFFCAA8C-983F-46C8-A5B7-D9817598791D}.Debug|Any CPU.Deploy.0 = Debug|Any CPU
		{BFFCAA8C-983F-46C8-A5B7-D9817598791D}.Debug|ARM.ActiveCfg = Debug|Any CPU
		{BFFCAA8C-983F-46C8-A5B7-D9817598791D}.Debug|ARM.Build.0 = Debug|Any CPU
		{BFFCAA8C-983F-46C8-A5B7-D9817598791D}.Debug|ARM.Deploy.0 = Debug|Any CPU
		{BFFCAA8C-983F-46C8-A5B7-D9817598791D}.Debug|ARM64.ActiveCfg = Debug|Any CPU
		{BFFCAA8C-983F-46C8-A5B7-D9817598791D}.Debug|ARM64.Build.0 = Debug|Any CPU
		{BFFCAA8C-983F-46C8-A5B7-D9817598791D}.Debug|ARM64.Deploy.0 = Debug|Any CPU
		{BFFCAA8C-983F-46C8-A5B7-D9817598791D}.Debug|x64.ActiveCfg = Debug|Any CPU
		{BFFCAA8C-983F-46C8-A5B7-D9817598791D}.Debug|x64.Build.0 = Debug|Any CPU
		{BFFCAA8C-983F-46C8-A5B7-D9817598791D}.Debug|x64.Deploy.0 = Debug|Any CPU
		{BFFCAA8C-983F-46C8-A5B7-D9817598791D}.Debug|x86.ActiveCfg = Debug|Any CPU
		{BFFCAA8C-983F-46C8-A5B7-D9817598791D}.Debug|x86.Build.0 = Debug|Any CPU
		{BFFCAA8C-983F-46C8-A5B7-D9817598791D}.Debug|x86.Deploy.0 = Debug|Any CPU
		{BFFCAA8C-983F-46C8-A5B7-D9817598791D}.Release|Any CPU.ActiveCfg = Release|Any CPU
		{BFFCAA8C-983F-46C8-A5B7-D9817598791D}.Release|Any CPU.Build.0 = Release|Any CPU
		{BFFCAA8C-983F-46C8-A5B7-D9817598791D}.Release|Any CPU.Deploy.0 = Release|Any CPU
		{BFFCAA8C-983F-46C8-A5B7-D9817598791D}.Release|ARM.ActiveCfg = Release|Any CPU
		{BFFCAA8C-983F-46C8-A5B7-D9817598791D}.Release|ARM.Build.0 = Release|Any CPU
		{BFFCAA8C-983F-46C8-A5B7-D9817598791D}.Release|ARM.Deploy.0 = Release|Any CPU
		{BFFCAA8C-983F-46C8-A5B7-D9817598791D}.Release|ARM64.ActiveCfg = Release|Any CPU
		{BFFCAA8C-983F-46C8-A5B7-D9817598791D}.Release|ARM64.Build.0 = Release|Any CPU
		{BFFCAA8C-983F-46C8-A5B7-D9817598791D}.Release|ARM64.Deploy.0 = Release|Any CPU
		{BFFCAA8C-983F-46C8-A5B7-D9817598791D}.Release|x64.ActiveCfg = Release|Any CPU
		{BFFCAA8C-983F-46C8-A5B7-D9817598791D}.Release|x64.Build.0 = Release|Any CPU
		{BFFCAA8C-983F-46C8-A5B7-D9817598791D}.Release|x64.Deploy.0 = Release|Any CPU
		{BFFCAA8C-983F-46C8-A5B7-D9817598791D}.Release|x86.ActiveCfg = Release|Any CPU
		{BFFCAA8C-983F-46C8-A5B7-D9817598791D}.Release|x86.Build.0 = Release|Any CPU
		{BFFCAA8C-983F-46C8-A5B7-D9817598791D}.Release|x86.Deploy.0 = Release|Any CPU
		{19E05D1B-775E-4EE1-97CC-7AD5CBA4D163}.Debug|Any CPU.ActiveCfg = Debug|Any CPU
		{19E05D1B-775E-4EE1-97CC-7AD5CBA4D163}.Debug|Any CPU.Build.0 = Debug|Any CPU
		{19E05D1B-775E-4EE1-97CC-7AD5CBA4D163}.Debug|ARM.ActiveCfg = Debug|Any CPU
		{19E05D1B-775E-4EE1-97CC-7AD5CBA4D163}.Debug|ARM.Build.0 = Debug|Any CPU
		{19E05D1B-775E-4EE1-97CC-7AD5CBA4D163}.Debug|ARM64.ActiveCfg = Debug|Any CPU
		{19E05D1B-775E-4EE1-97CC-7AD5CBA4D163}.Debug|ARM64.Build.0 = Debug|Any CPU
		{19E05D1B-775E-4EE1-97CC-7AD5CBA4D163}.Debug|x64.ActiveCfg = Debug|Any CPU
		{19E05D1B-775E-4EE1-97CC-7AD5CBA4D163}.Debug|x64.Build.0 = Debug|Any CPU
		{19E05D1B-775E-4EE1-97CC-7AD5CBA4D163}.Debug|x86.ActiveCfg = Debug|Any CPU
		{19E05D1B-775E-4EE1-97CC-7AD5CBA4D163}.Debug|x86.Build.0 = Debug|Any CPU
		{19E05D1B-775E-4EE1-97CC-7AD5CBA4D163}.Release|Any CPU.ActiveCfg = Release|Any CPU
		{19E05D1B-775E-4EE1-97CC-7AD5CBA4D163}.Release|Any CPU.Build.0 = Release|Any CPU
		{19E05D1B-775E-4EE1-97CC-7AD5CBA4D163}.Release|ARM.ActiveCfg = Release|Any CPU
		{19E05D1B-775E-4EE1-97CC-7AD5CBA4D163}.Release|ARM.Build.0 = Release|Any CPU
		{19E05D1B-775E-4EE1-97CC-7AD5CBA4D163}.Release|ARM64.ActiveCfg = Release|Any CPU
		{19E05D1B-775E-4EE1-97CC-7AD5CBA4D163}.Release|ARM64.Build.0 = Release|Any CPU
		{19E05D1B-775E-4EE1-97CC-7AD5CBA4D163}.Release|x64.ActiveCfg = Release|Any CPU
		{19E05D1B-775E-4EE1-97CC-7AD5CBA4D163}.Release|x64.Build.0 = Release|Any CPU
		{19E05D1B-775E-4EE1-97CC-7AD5CBA4D163}.Release|x86.ActiveCfg = Release|Any CPU
		{19E05D1B-775E-4EE1-97CC-7AD5CBA4D163}.Release|x86.Build.0 = Release|Any CPU
		{231DDCFE-0931-465F-87C4-8D79D9CEECB2}.Debug|Any CPU.ActiveCfg = Debug|Any CPU
		{231DDCFE-0931-465F-87C4-8D79D9CEECB2}.Debug|Any CPU.Build.0 = Debug|Any CPU
		{231DDCFE-0931-465F-87C4-8D79D9CEECB2}.Debug|Any CPU.Deploy.0 = Debug|Any CPU
		{231DDCFE-0931-465F-87C4-8D79D9CEECB2}.Debug|ARM.ActiveCfg = Debug|Any CPU
		{231DDCFE-0931-465F-87C4-8D79D9CEECB2}.Debug|ARM.Build.0 = Debug|Any CPU
		{231DDCFE-0931-465F-87C4-8D79D9CEECB2}.Debug|ARM.Deploy.0 = Debug|Any CPU
		{231DDCFE-0931-465F-87C4-8D79D9CEECB2}.Debug|ARM64.ActiveCfg = Debug|Any CPU
		{231DDCFE-0931-465F-87C4-8D79D9CEECB2}.Debug|ARM64.Build.0 = Debug|Any CPU
		{231DDCFE-0931-465F-87C4-8D79D9CEECB2}.Debug|ARM64.Deploy.0 = Debug|Any CPU
		{231DDCFE-0931-465F-87C4-8D79D9CEECB2}.Debug|x64.ActiveCfg = Debug|Any CPU
		{231DDCFE-0931-465F-87C4-8D79D9CEECB2}.Debug|x64.Build.0 = Debug|Any CPU
		{231DDCFE-0931-465F-87C4-8D79D9CEECB2}.Debug|x64.Deploy.0 = Debug|Any CPU
		{231DDCFE-0931-465F-87C4-8D79D9CEECB2}.Debug|x86.ActiveCfg = Debug|Any CPU
		{231DDCFE-0931-465F-87C4-8D79D9CEECB2}.Debug|x86.Build.0 = Debug|Any CPU
		{231DDCFE-0931-465F-87C4-8D79D9CEECB2}.Debug|x86.Deploy.0 = Debug|Any CPU
		{231DDCFE-0931-465F-87C4-8D79D9CEECB2}.Release|Any CPU.ActiveCfg = Release|Any CPU
		{231DDCFE-0931-465F-87C4-8D79D9CEECB2}.Release|Any CPU.Build.0 = Release|Any CPU
		{231DDCFE-0931-465F-87C4-8D79D9CEECB2}.Release|Any CPU.Deploy.0 = Release|Any CPU
		{231DDCFE-0931-465F-87C4-8D79D9CEECB2}.Release|ARM.ActiveCfg = Release|Any CPU
		{231DDCFE-0931-465F-87C4-8D79D9CEECB2}.Release|ARM.Build.0 = Release|Any CPU
		{231DDCFE-0931-465F-87C4-8D79D9CEECB2}.Release|ARM.Deploy.0 = Release|Any CPU
		{231DDCFE-0931-465F-87C4-8D79D9CEECB2}.Release|ARM64.ActiveCfg = Release|Any CPU
		{231DDCFE-0931-465F-87C4-8D79D9CEECB2}.Release|ARM64.Build.0 = Release|Any CPU
		{231DDCFE-0931-465F-87C4-8D79D9CEECB2}.Release|ARM64.Deploy.0 = Release|Any CPU
		{231DDCFE-0931-465F-87C4-8D79D9CEECB2}.Release|x64.ActiveCfg = Release|Any CPU
		{231DDCFE-0931-465F-87C4-8D79D9CEECB2}.Release|x64.Build.0 = Release|Any CPU
		{231DDCFE-0931-465F-87C4-8D79D9CEECB2}.Release|x64.Deploy.0 = Release|Any CPU
		{231DDCFE-0931-465F-87C4-8D79D9CEECB2}.Release|x86.ActiveCfg = Release|Any CPU
		{231DDCFE-0931-465F-87C4-8D79D9CEECB2}.Release|x86.Build.0 = Release|Any CPU
		{231DDCFE-0931-465F-87C4-8D79D9CEECB2}.Release|x86.Deploy.0 = Release|Any CPU
		{28903F6A-6E4B-4CD0-A31F-FDDA43025A31}.Debug|Any CPU.ActiveCfg = Debug|Any CPU
		{28903F6A-6E4B-4CD0-A31F-FDDA43025A31}.Debug|Any CPU.Build.0 = Debug|Any CPU
		{28903F6A-6E4B-4CD0-A31F-FDDA43025A31}.Debug|ARM.ActiveCfg = Debug|Any CPU
		{28903F6A-6E4B-4CD0-A31F-FDDA43025A31}.Debug|ARM.Build.0 = Debug|Any CPU
		{28903F6A-6E4B-4CD0-A31F-FDDA43025A31}.Debug|ARM64.ActiveCfg = Debug|arm64
		{28903F6A-6E4B-4CD0-A31F-FDDA43025A31}.Debug|ARM64.Build.0 = Debug|arm64
		{28903F6A-6E4B-4CD0-A31F-FDDA43025A31}.Debug|x64.ActiveCfg = Debug|x64
		{28903F6A-6E4B-4CD0-A31F-FDDA43025A31}.Debug|x64.Build.0 = Debug|x64
		{28903F6A-6E4B-4CD0-A31F-FDDA43025A31}.Debug|x86.ActiveCfg = Debug|x86
		{28903F6A-6E4B-4CD0-A31F-FDDA43025A31}.Debug|x86.Build.0 = Debug|x86
		{28903F6A-6E4B-4CD0-A31F-FDDA43025A31}.Release|Any CPU.ActiveCfg = Release|Any CPU
		{28903F6A-6E4B-4CD0-A31F-FDDA43025A31}.Release|Any CPU.Build.0 = Release|Any CPU
		{28903F6A-6E4B-4CD0-A31F-FDDA43025A31}.Release|ARM.ActiveCfg = Release|Any CPU
		{28903F6A-6E4B-4CD0-A31F-FDDA43025A31}.Release|ARM.Build.0 = Release|Any CPU
		{28903F6A-6E4B-4CD0-A31F-FDDA43025A31}.Release|ARM64.ActiveCfg = Release|arm64
		{28903F6A-6E4B-4CD0-A31F-FDDA43025A31}.Release|ARM64.Build.0 = Release|arm64
		{28903F6A-6E4B-4CD0-A31F-FDDA43025A31}.Release|x64.ActiveCfg = Release|x64
		{28903F6A-6E4B-4CD0-A31F-FDDA43025A31}.Release|x64.Build.0 = Release|x64
		{28903F6A-6E4B-4CD0-A31F-FDDA43025A31}.Release|x86.ActiveCfg = Release|x86
		{28903F6A-6E4B-4CD0-A31F-FDDA43025A31}.Release|x86.Build.0 = Release|x86
		{B39D4700-2BD3-4BB5-A55B-FEA738B17972}.Debug|Any CPU.ActiveCfg = Debug|Any CPU
		{B39D4700-2BD3-4BB5-A55B-FEA738B17972}.Debug|Any CPU.Build.0 = Debug|Any CPU
		{B39D4700-2BD3-4BB5-A55B-FEA738B17972}.Debug|ARM.ActiveCfg = Debug|Any CPU
		{B39D4700-2BD3-4BB5-A55B-FEA738B17972}.Debug|ARM.Build.0 = Debug|Any CPU
		{B39D4700-2BD3-4BB5-A55B-FEA738B17972}.Debug|ARM64.ActiveCfg = Debug|Any CPU
		{B39D4700-2BD3-4BB5-A55B-FEA738B17972}.Debug|ARM64.Build.0 = Debug|Any CPU
		{B39D4700-2BD3-4BB5-A55B-FEA738B17972}.Debug|x64.ActiveCfg = Debug|Any CPU
		{B39D4700-2BD3-4BB5-A55B-FEA738B17972}.Debug|x64.Build.0 = Debug|Any CPU
		{B39D4700-2BD3-4BB5-A55B-FEA738B17972}.Debug|x86.ActiveCfg = Debug|Any CPU
		{B39D4700-2BD3-4BB5-A55B-FEA738B17972}.Debug|x86.Build.0 = Debug|Any CPU
		{B39D4700-2BD3-4BB5-A55B-FEA738B17972}.Release|Any CPU.ActiveCfg = Release|Any CPU
		{B39D4700-2BD3-4BB5-A55B-FEA738B17972}.Release|Any CPU.Build.0 = Release|Any CPU
		{B39D4700-2BD3-4BB5-A55B-FEA738B17972}.Release|ARM.ActiveCfg = Release|Any CPU
		{B39D4700-2BD3-4BB5-A55B-FEA738B17972}.Release|ARM.Build.0 = Release|Any CPU
		{B39D4700-2BD3-4BB5-A55B-FEA738B17972}.Release|ARM64.ActiveCfg = Release|Any CPU
		{B39D4700-2BD3-4BB5-A55B-FEA738B17972}.Release|ARM64.Build.0 = Release|Any CPU
		{B39D4700-2BD3-4BB5-A55B-FEA738B17972}.Release|x64.ActiveCfg = Release|Any CPU
		{B39D4700-2BD3-4BB5-A55B-FEA738B17972}.Release|x64.Build.0 = Release|Any CPU
		{B39D4700-2BD3-4BB5-A55B-FEA738B17972}.Release|x86.ActiveCfg = Release|Any CPU
		{B39D4700-2BD3-4BB5-A55B-FEA738B17972}.Release|x86.Build.0 = Release|Any CPU
		{831FED58-B94E-40A8-8DC3-54F2EF36E879}.Debug|Any CPU.ActiveCfg = Debug|Any CPU
		{831FED58-B94E-40A8-8DC3-54F2EF36E879}.Debug|Any CPU.Build.0 = Debug|Any CPU
		{831FED58-B94E-40A8-8DC3-54F2EF36E879}.Debug|ARM.ActiveCfg = Debug|Any CPU
		{831FED58-B94E-40A8-8DC3-54F2EF36E879}.Debug|ARM.Build.0 = Debug|Any CPU
		{831FED58-B94E-40A8-8DC3-54F2EF36E879}.Debug|ARM64.ActiveCfg = Debug|Any CPU
		{831FED58-B94E-40A8-8DC3-54F2EF36E879}.Debug|ARM64.Build.0 = Debug|Any CPU
		{831FED58-B94E-40A8-8DC3-54F2EF36E879}.Debug|x64.ActiveCfg = Debug|Any CPU
		{831FED58-B94E-40A8-8DC3-54F2EF36E879}.Debug|x64.Build.0 = Debug|Any CPU
		{831FED58-B94E-40A8-8DC3-54F2EF36E879}.Debug|x86.ActiveCfg = Debug|Any CPU
		{831FED58-B94E-40A8-8DC3-54F2EF36E879}.Debug|x86.Build.0 = Debug|Any CPU
		{831FED58-B94E-40A8-8DC3-54F2EF36E879}.Release|Any CPU.ActiveCfg = Release|Any CPU
		{831FED58-B94E-40A8-8DC3-54F2EF36E879}.Release|Any CPU.Build.0 = Release|Any CPU
		{831FED58-B94E-40A8-8DC3-54F2EF36E879}.Release|ARM.ActiveCfg = Release|Any CPU
		{831FED58-B94E-40A8-8DC3-54F2EF36E879}.Release|ARM.Build.0 = Release|Any CPU
		{831FED58-B94E-40A8-8DC3-54F2EF36E879}.Release|ARM64.ActiveCfg = Release|Any CPU
		{831FED58-B94E-40A8-8DC3-54F2EF36E879}.Release|ARM64.Build.0 = Release|Any CPU
		{831FED58-B94E-40A8-8DC3-54F2EF36E879}.Release|x64.ActiveCfg = Release|Any CPU
		{831FED58-B94E-40A8-8DC3-54F2EF36E879}.Release|x64.Build.0 = Release|Any CPU
		{831FED58-B94E-40A8-8DC3-54F2EF36E879}.Release|x86.ActiveCfg = Release|Any CPU
		{831FED58-B94E-40A8-8DC3-54F2EF36E879}.Release|x86.Build.0 = Release|Any CPU
		{BB67839B-70D4-430F-9090-5662B5527031}.Debug|Any CPU.ActiveCfg = Debug|Any CPU
		{BB67839B-70D4-430F-9090-5662B5527031}.Debug|Any CPU.Build.0 = Debug|Any CPU
		{BB67839B-70D4-430F-9090-5662B5527031}.Debug|ARM.ActiveCfg = Debug|Any CPU
		{BB67839B-70D4-430F-9090-5662B5527031}.Debug|ARM.Build.0 = Debug|Any CPU
		{BB67839B-70D4-430F-9090-5662B5527031}.Debug|ARM64.ActiveCfg = Debug|Any CPU
		{BB67839B-70D4-430F-9090-5662B5527031}.Debug|ARM64.Build.0 = Debug|Any CPU
		{BB67839B-70D4-430F-9090-5662B5527031}.Debug|x64.ActiveCfg = Debug|Any CPU
		{BB67839B-70D4-430F-9090-5662B5527031}.Debug|x64.Build.0 = Debug|Any CPU
		{BB67839B-70D4-430F-9090-5662B5527031}.Debug|x86.ActiveCfg = Debug|Any CPU
		{BB67839B-70D4-430F-9090-5662B5527031}.Debug|x86.Build.0 = Debug|Any CPU
		{BB67839B-70D4-430F-9090-5662B5527031}.Release|Any CPU.ActiveCfg = Release|Any CPU
		{BB67839B-70D4-430F-9090-5662B5527031}.Release|Any CPU.Build.0 = Release|Any CPU
		{BB67839B-70D4-430F-9090-5662B5527031}.Release|ARM.ActiveCfg = Release|Any CPU
		{BB67839B-70D4-430F-9090-5662B5527031}.Release|ARM.Build.0 = Release|Any CPU
		{BB67839B-70D4-430F-9090-5662B5527031}.Release|ARM64.ActiveCfg = Release|Any CPU
		{BB67839B-70D4-430F-9090-5662B5527031}.Release|ARM64.Build.0 = Release|Any CPU
		{BB67839B-70D4-430F-9090-5662B5527031}.Release|x64.ActiveCfg = Release|Any CPU
		{BB67839B-70D4-430F-9090-5662B5527031}.Release|x64.Build.0 = Release|Any CPU
		{BB67839B-70D4-430F-9090-5662B5527031}.Release|x86.ActiveCfg = Release|Any CPU
		{BB67839B-70D4-430F-9090-5662B5527031}.Release|x86.Build.0 = Release|Any CPU
		{BFC4F6F2-0FAF-4A12-BD71-C9387947D162}.Debug|Any CPU.ActiveCfg = Debug|Any CPU
		{BFC4F6F2-0FAF-4A12-BD71-C9387947D162}.Debug|Any CPU.Build.0 = Debug|Any CPU
		{BFC4F6F2-0FAF-4A12-BD71-C9387947D162}.Debug|ARM.ActiveCfg = Debug|Any CPU
		{BFC4F6F2-0FAF-4A12-BD71-C9387947D162}.Debug|ARM.Build.0 = Debug|Any CPU
		{BFC4F6F2-0FAF-4A12-BD71-C9387947D162}.Debug|ARM64.ActiveCfg = Debug|Any CPU
		{BFC4F6F2-0FAF-4A12-BD71-C9387947D162}.Debug|ARM64.Build.0 = Debug|Any CPU
		{BFC4F6F2-0FAF-4A12-BD71-C9387947D162}.Debug|x64.ActiveCfg = Debug|Any CPU
		{BFC4F6F2-0FAF-4A12-BD71-C9387947D162}.Debug|x64.Build.0 = Debug|Any CPU
		{BFC4F6F2-0FAF-4A12-BD71-C9387947D162}.Debug|x86.ActiveCfg = Debug|Any CPU
		{BFC4F6F2-0FAF-4A12-BD71-C9387947D162}.Debug|x86.Build.0 = Debug|Any CPU
		{BFC4F6F2-0FAF-4A12-BD71-C9387947D162}.Release|Any CPU.ActiveCfg = Release|Any CPU
		{BFC4F6F2-0FAF-4A12-BD71-C9387947D162}.Release|Any CPU.Build.0 = Release|Any CPU
		{BFC4F6F2-0FAF-4A12-BD71-C9387947D162}.Release|ARM.ActiveCfg = Release|Any CPU
		{BFC4F6F2-0FAF-4A12-BD71-C9387947D162}.Release|ARM.Build.0 = Release|Any CPU
		{BFC4F6F2-0FAF-4A12-BD71-C9387947D162}.Release|ARM64.ActiveCfg = Release|Any CPU
		{BFC4F6F2-0FAF-4A12-BD71-C9387947D162}.Release|ARM64.Build.0 = Release|Any CPU
		{BFC4F6F2-0FAF-4A12-BD71-C9387947D162}.Release|x64.ActiveCfg = Release|Any CPU
		{BFC4F6F2-0FAF-4A12-BD71-C9387947D162}.Release|x64.Build.0 = Release|Any CPU
		{BFC4F6F2-0FAF-4A12-BD71-C9387947D162}.Release|x86.ActiveCfg = Release|Any CPU
		{BFC4F6F2-0FAF-4A12-BD71-C9387947D162}.Release|x86.Build.0 = Release|Any CPU
		{24CEE4FB-0086-4C24-8CB8-D54F5D3E28F4}.Debug|Any CPU.ActiveCfg = Debug|Any CPU
		{24CEE4FB-0086-4C24-8CB8-D54F5D3E28F4}.Debug|Any CPU.Build.0 = Debug|Any CPU
		{24CEE4FB-0086-4C24-8CB8-D54F5D3E28F4}.Debug|ARM.ActiveCfg = Debug|Any CPU
		{24CEE4FB-0086-4C24-8CB8-D54F5D3E28F4}.Debug|ARM.Build.0 = Debug|Any CPU
		{24CEE4FB-0086-4C24-8CB8-D54F5D3E28F4}.Debug|ARM64.ActiveCfg = Debug|Any CPU
		{24CEE4FB-0086-4C24-8CB8-D54F5D3E28F4}.Debug|ARM64.Build.0 = Debug|Any CPU
		{24CEE4FB-0086-4C24-8CB8-D54F5D3E28F4}.Debug|x64.ActiveCfg = Debug|Any CPU
		{24CEE4FB-0086-4C24-8CB8-D54F5D3E28F4}.Debug|x64.Build.0 = Debug|Any CPU
		{24CEE4FB-0086-4C24-8CB8-D54F5D3E28F4}.Debug|x86.ActiveCfg = Debug|Any CPU
		{24CEE4FB-0086-4C24-8CB8-D54F5D3E28F4}.Debug|x86.Build.0 = Debug|Any CPU
		{24CEE4FB-0086-4C24-8CB8-D54F5D3E28F4}.Release|Any CPU.ActiveCfg = Release|Any CPU
		{24CEE4FB-0086-4C24-8CB8-D54F5D3E28F4}.Release|Any CPU.Build.0 = Release|Any CPU
		{24CEE4FB-0086-4C24-8CB8-D54F5D3E28F4}.Release|ARM.ActiveCfg = Release|Any CPU
		{24CEE4FB-0086-4C24-8CB8-D54F5D3E28F4}.Release|ARM.Build.0 = Release|Any CPU
		{24CEE4FB-0086-4C24-8CB8-D54F5D3E28F4}.Release|ARM64.ActiveCfg = Release|Any CPU
		{24CEE4FB-0086-4C24-8CB8-D54F5D3E28F4}.Release|ARM64.Build.0 = Release|Any CPU
		{24CEE4FB-0086-4C24-8CB8-D54F5D3E28F4}.Release|x64.ActiveCfg = Release|Any CPU
		{24CEE4FB-0086-4C24-8CB8-D54F5D3E28F4}.Release|x64.Build.0 = Release|Any CPU
		{24CEE4FB-0086-4C24-8CB8-D54F5D3E28F4}.Release|x86.ActiveCfg = Release|Any CPU
		{24CEE4FB-0086-4C24-8CB8-D54F5D3E28F4}.Release|x86.Build.0 = Release|Any CPU
		{2DF77CDC-F77A-4C73-BE84-F61114ADB8E9}.Debug|Any CPU.ActiveCfg = Debug|Any CPU
		{2DF77CDC-F77A-4C73-BE84-F61114ADB8E9}.Debug|Any CPU.Build.0 = Debug|Any CPU
		{2DF77CDC-F77A-4C73-BE84-F61114ADB8E9}.Debug|ARM.ActiveCfg = Debug|Any CPU
		{2DF77CDC-F77A-4C73-BE84-F61114ADB8E9}.Debug|ARM.Build.0 = Debug|Any CPU
		{2DF77CDC-F77A-4C73-BE84-F61114ADB8E9}.Debug|ARM64.ActiveCfg = Debug|Any CPU
		{2DF77CDC-F77A-4C73-BE84-F61114ADB8E9}.Debug|ARM64.Build.0 = Debug|Any CPU
		{2DF77CDC-F77A-4C73-BE84-F61114ADB8E9}.Debug|x64.ActiveCfg = Debug|Any CPU
		{2DF77CDC-F77A-4C73-BE84-F61114ADB8E9}.Debug|x64.Build.0 = Debug|Any CPU
		{2DF77CDC-F77A-4C73-BE84-F61114ADB8E9}.Debug|x86.ActiveCfg = Debug|Any CPU
		{2DF77CDC-F77A-4C73-BE84-F61114ADB8E9}.Debug|x86.Build.0 = Debug|Any CPU
		{2DF77CDC-F77A-4C73-BE84-F61114ADB8E9}.Release|Any CPU.ActiveCfg = Release|Any CPU
		{2DF77CDC-F77A-4C73-BE84-F61114ADB8E9}.Release|Any CPU.Build.0 = Release|Any CPU
		{2DF77CDC-F77A-4C73-BE84-F61114ADB8E9}.Release|ARM.ActiveCfg = Release|Any CPU
		{2DF77CDC-F77A-4C73-BE84-F61114ADB8E9}.Release|ARM.Build.0 = Release|Any CPU
		{2DF77CDC-F77A-4C73-BE84-F61114ADB8E9}.Release|ARM64.ActiveCfg = Release|Any CPU
		{2DF77CDC-F77A-4C73-BE84-F61114ADB8E9}.Release|ARM64.Build.0 = Release|Any CPU
		{2DF77CDC-F77A-4C73-BE84-F61114ADB8E9}.Release|x64.ActiveCfg = Release|Any CPU
		{2DF77CDC-F77A-4C73-BE84-F61114ADB8E9}.Release|x64.Build.0 = Release|Any CPU
		{2DF77CDC-F77A-4C73-BE84-F61114ADB8E9}.Release|x86.ActiveCfg = Release|Any CPU
		{2DF77CDC-F77A-4C73-BE84-F61114ADB8E9}.Release|x86.Build.0 = Release|Any CPU
		{A20B6C45-1B0B-4A5D-8EC2-937A74C80014}.Debug|Any CPU.ActiveCfg = Debug|Any CPU
		{A20B6C45-1B0B-4A5D-8EC2-937A74C80014}.Debug|Any CPU.Build.0 = Debug|Any CPU
		{A20B6C45-1B0B-4A5D-8EC2-937A74C80014}.Debug|ARM.ActiveCfg = Debug|Any CPU
		{A20B6C45-1B0B-4A5D-8EC2-937A74C80014}.Debug|ARM.Build.0 = Debug|Any CPU
		{A20B6C45-1B0B-4A5D-8EC2-937A74C80014}.Debug|ARM64.ActiveCfg = Debug|Any CPU
		{A20B6C45-1B0B-4A5D-8EC2-937A74C80014}.Debug|ARM64.Build.0 = Debug|Any CPU
		{A20B6C45-1B0B-4A5D-8EC2-937A74C80014}.Debug|x64.ActiveCfg = Debug|Any CPU
		{A20B6C45-1B0B-4A5D-8EC2-937A74C80014}.Debug|x64.Build.0 = Debug|Any CPU
		{A20B6C45-1B0B-4A5D-8EC2-937A74C80014}.Debug|x86.ActiveCfg = Debug|Any CPU
		{A20B6C45-1B0B-4A5D-8EC2-937A74C80014}.Debug|x86.Build.0 = Debug|Any CPU
		{A20B6C45-1B0B-4A5D-8EC2-937A74C80014}.Release|Any CPU.ActiveCfg = Release|Any CPU
		{A20B6C45-1B0B-4A5D-8EC2-937A74C80014}.Release|Any CPU.Build.0 = Release|Any CPU
		{A20B6C45-1B0B-4A5D-8EC2-937A74C80014}.Release|ARM.ActiveCfg = Release|Any CPU
		{A20B6C45-1B0B-4A5D-8EC2-937A74C80014}.Release|ARM.Build.0 = Release|Any CPU
		{A20B6C45-1B0B-4A5D-8EC2-937A74C80014}.Release|ARM64.ActiveCfg = Release|Any CPU
		{A20B6C45-1B0B-4A5D-8EC2-937A74C80014}.Release|ARM64.Build.0 = Release|Any CPU
		{A20B6C45-1B0B-4A5D-8EC2-937A74C80014}.Release|x64.ActiveCfg = Release|Any CPU
		{A20B6C45-1B0B-4A5D-8EC2-937A74C80014}.Release|x64.Build.0 = Release|Any CPU
		{A20B6C45-1B0B-4A5D-8EC2-937A74C80014}.Release|x86.ActiveCfg = Release|Any CPU
		{A20B6C45-1B0B-4A5D-8EC2-937A74C80014}.Release|x86.Build.0 = Release|Any CPU
		{651783C2-0F8D-4AA4-9E63-DC51AF8D3C84}.Debug|Any CPU.ActiveCfg = Debug|Any CPU
		{651783C2-0F8D-4AA4-9E63-DC51AF8D3C84}.Debug|Any CPU.Build.0 = Debug|Any CPU
		{651783C2-0F8D-4AA4-9E63-DC51AF8D3C84}.Debug|ARM.ActiveCfg = Debug|Any CPU
		{651783C2-0F8D-4AA4-9E63-DC51AF8D3C84}.Debug|ARM.Build.0 = Debug|Any CPU
		{651783C2-0F8D-4AA4-9E63-DC51AF8D3C84}.Debug|ARM64.ActiveCfg = Debug|Any CPU
		{651783C2-0F8D-4AA4-9E63-DC51AF8D3C84}.Debug|ARM64.Build.0 = Debug|Any CPU
		{651783C2-0F8D-4AA4-9E63-DC51AF8D3C84}.Debug|x64.ActiveCfg = Debug|Any CPU
		{651783C2-0F8D-4AA4-9E63-DC51AF8D3C84}.Debug|x64.Build.0 = Debug|Any CPU
		{651783C2-0F8D-4AA4-9E63-DC51AF8D3C84}.Debug|x86.ActiveCfg = Debug|Any CPU
		{651783C2-0F8D-4AA4-9E63-DC51AF8D3C84}.Debug|x86.Build.0 = Debug|Any CPU
		{651783C2-0F8D-4AA4-9E63-DC51AF8D3C84}.Release|Any CPU.ActiveCfg = Release|Any CPU
		{651783C2-0F8D-4AA4-9E63-DC51AF8D3C84}.Release|Any CPU.Build.0 = Release|Any CPU
		{651783C2-0F8D-4AA4-9E63-DC51AF8D3C84}.Release|ARM.ActiveCfg = Release|Any CPU
		{651783C2-0F8D-4AA4-9E63-DC51AF8D3C84}.Release|ARM.Build.0 = Release|Any CPU
		{651783C2-0F8D-4AA4-9E63-DC51AF8D3C84}.Release|ARM64.ActiveCfg = Release|Any CPU
		{651783C2-0F8D-4AA4-9E63-DC51AF8D3C84}.Release|ARM64.Build.0 = Release|Any CPU
		{651783C2-0F8D-4AA4-9E63-DC51AF8D3C84}.Release|x64.ActiveCfg = Release|Any CPU
		{651783C2-0F8D-4AA4-9E63-DC51AF8D3C84}.Release|x64.Build.0 = Release|Any CPU
		{651783C2-0F8D-4AA4-9E63-DC51AF8D3C84}.Release|x86.ActiveCfg = Release|Any CPU
		{651783C2-0F8D-4AA4-9E63-DC51AF8D3C84}.Release|x86.Build.0 = Release|Any CPU
	EndGlobalSection
	GlobalSection(SolutionProperties) = preSolution
		HideSolutionNode = FALSE
	EndGlobalSection
	GlobalSection(ExtensibilityGlobals) = postSolution
		SolutionGuid = {A8F5C168-27FB-4182-975A-16805EB14074}
	EndGlobalSection
EndGlobal
