
Microsoft Visual Studio Solution File, Format Version 12.00
# Visual Studio Version 17
VisualStudioVersion = 17.11.35208.52
MinimumVisualStudioVersion = 10.0.40219.1
Project("{9A19103F-16F7-4668-BE54-9A1E7A4F7556}") = "Babble.Core", "Babble.Core.csproj", "{C243810D-B621-4317-90F9-2B8DCAF03792}"
EndProject
Project("{9A19103F-16F7-4668-BE54-9A1E7A4F7556}") = "Babble.Maui", "..\Babble.Maui\Babble.Maui.csproj", "{18DEE595-72E0-4933-AD11-8A78E0BA3860}"
EndProject
Project("{FAE04EC0-301F-11D3-BF4B-00C04F79EFBC}") = "Babble.VRCFT", "..\Babble.VRCFT\Babble.VRCFT.csproj", "{5D54EEEB-1463-4CAB-BD3D-960728A09C79}"
EndProject
Project("{9A19103F-16F7-4668-BE54-9A1E7A4F7556}") = "Babble.Tests", "..\Babble.Tests\Babble.Tests.csproj", "{C66B2A7B-EA24-49A5-91DB-5482CF48B3DA}"
EndProject
Project("{9A19103F-16F7-4668-BE54-9A1E7A4F7556}") = "Babble.Avalonia", "..\Babble.Avalonia\Babble.Avalonia.csproj", "{4DD68B68-D3F1-4E71-AADA-CC37DC52E64D}"
EndProject
Project("{9A19103F-16F7-4668-BE54-9A1E7A4F7556}") = "Babble.Avalonia.Android", "..\Babble.Avalonia.Android\Babble.Avalonia.Android.csproj", "{BFFCAA8C-983F-46C8-A5B7-D9817598791D}"
EndProject
Project("{9A19103F-16F7-4668-BE54-9A1E7A4F7556}") = "Babble.Avalonia.Desktop", "..\Babble.Avalonia.Desktop\Babble.Avalonia.Desktop.csproj", "{19E05D1B-775E-4EE1-97CC-7AD5CBA4D163}"
EndProject
Project("{9A19103F-16F7-4668-BE54-9A1E7A4F7556}") = "Babble.Avalonia.iOS", "..\Babble.Avalonia.iOS\Babble.Avalonia.iOS.csproj", "{231DDCFE-0931-465F-87C4-8D79D9CEECB2}"
EndProject
Project("{9A19103F-16F7-4668-BE54-9A1E7A4F7556}") = "Babble.OSC", "..\Babble.OSC\Babble.OSC.csproj", "{20E199AB-7A4F-49F2-9203-647F50894DD9}"
EndProject
Project("{9A19103F-16F7-4668-BE54-9A1E7A4F7556}") = "Babble.Localization", "..\Babble.Localization\Babble.Localization.csproj", "{F783830E-C1D8-4956-AE09-1E4AE4113D53}"
EndProject
Global
	GlobalSection(SolutionConfigurationPlatforms) = preSolution
		Debug|Any CPU = Debug|Any CPU
		Debug|ARM = Debug|ARM
		Debug|ARM64 = Debug|ARM64
		Debug|x64 = Debug|x64
		Debug|x86 = Debug|x86
		Release|Any CPU = Release|Any CPU
		Release|ARM = Release|ARM
		Release|ARM64 = Release|ARM64
		Release|x64 = Release|x64
		Release|x86 = Release|x86
	EndGlobalSection
	GlobalSection(ProjectConfigurationPlatforms) = postSolution
		{C243810D-B621-4317-90F9-2B8DCAF03792}.Debug|Any CPU.ActiveCfg = Debug|Any CPU
		{C243810D-B621-4317-90F9-2B8DCAF03792}.Debug|Any CPU.Build.0 = Debug|Any CPU
		{C243810D-B621-4317-90F9-2B8DCAF03792}.Debug|ARM.ActiveCfg = Debug|Any CPU
		{C243810D-B621-4317-90F9-2B8DCAF03792}.Debug|ARM.Build.0 = Debug|Any CPU
		{C243810D-B621-4317-90F9-2B8DCAF03792}.Debug|ARM64.ActiveCfg = Debug|Any CPU
		{C243810D-B621-4317-90F9-2B8DCAF03792}.Debug|ARM64.Build.0 = Debug|Any CPU
		{C243810D-B621-4317-90F9-2B8DCAF03792}.Debug|x64.ActiveCfg = Debug|Any CPU
		{C243810D-B621-4317-90F9-2B8DCAF03792}.Debug|x64.Build.0 = Debug|Any CPU
		{C243810D-B621-4317-90F9-2B8DCAF03792}.Debug|x86.ActiveCfg = Debug|Any CPU
		{C243810D-B621-4317-90F9-2B8DCAF03792}.Debug|x86.Build.0 = Debug|Any CPU
		{C243810D-B621-4317-90F9-2B8DCAF03792}.Release|Any CPU.ActiveCfg = Release|Any CPU
		{C243810D-B621-4317-90F9-2B8DCAF03792}.Release|Any CPU.Build.0 = Release|Any CPU
		{C243810D-B621-4317-90F9-2B8DCAF03792}.Release|ARM.ActiveCfg = Release|Any CPU
		{C243810D-B621-4317-90F9-2B8DCAF03792}.Release|ARM.Build.0 = Release|Any CPU
		{C243810D-B621-4317-90F9-2B8DCAF03792}.Release|ARM64.ActiveCfg = Release|Any CPU
		{C243810D-B621-4317-90F9-2B8DCAF03792}.Release|ARM64.Build.0 = Release|Any CPU
		{C243810D-B621-4317-90F9-2B8DCAF03792}.Release|x64.ActiveCfg = Release|Any CPU
		{C243810D-B621-4317-90F9-2B8DCAF03792}.Release|x64.Build.0 = Release|Any CPU
		{C243810D-B621-4317-90F9-2B8DCAF03792}.Release|x86.ActiveCfg = Release|Any CPU
		{C243810D-B621-4317-90F9-2B8DCAF03792}.Release|x86.Build.0 = Release|Any CPU
		{18DEE595-72E0-4933-AD11-8A78E0BA3860}.Debug|Any CPU.ActiveCfg = Debug|Any CPU
		{18DEE595-72E0-4933-AD11-8A78E0BA3860}.Debug|Any CPU.Build.0 = Debug|Any CPU
		{18DEE595-72E0-4933-AD11-8A78E0BA3860}.Debug|Any CPU.Deploy.0 = Debug|Any CPU
		{18DEE595-72E0-4933-AD11-8A78E0BA3860}.Debug|ARM.ActiveCfg = Debug|Any CPU
		{18DEE595-72E0-4933-AD11-8A78E0BA3860}.Debug|ARM64.ActiveCfg = Debug|Any CPU
		{18DEE595-72E0-4933-AD11-8A78E0BA3860}.Debug|x64.ActiveCfg = Debug|Any CPU
		{18DEE595-72E0-4933-AD11-8A78E0BA3860}.Debug|x86.ActiveCfg = Debug|Any CPU
		{18DEE595-72E0-4933-AD11-8A78E0BA3860}.Release|Any CPU.ActiveCfg = Release|Any CPU
		{18DEE595-72E0-4933-AD11-8A78E0BA3860}.Release|Any CPU.Build.0 = Release|Any CPU
		{18DEE595-72E0-4933-AD11-8A78E0BA3860}.Release|Any CPU.Deploy.0 = Release|Any CPU
		{18DEE595-72E0-4933-AD11-8A78E0BA3860}.Release|ARM.ActiveCfg = Release|Any CPU
		{18DEE595-72E0-4933-AD11-8A78E0BA3860}.Release|ARM64.ActiveCfg = Release|Any CPU
		{18DEE595-72E0-4933-AD11-8A78E0BA3860}.Release|x64.ActiveCfg = Release|Any CPU
		{18DEE595-72E0-4933-AD11-8A78E0BA3860}.Release|x86.ActiveCfg = Release|Any CPU
		{5D54EEEB-1463-4CAB-BD3D-960728A09C79}.Debug|Any CPU.ActiveCfg = Debug|Any CPU
		{5D54EEEB-1463-4CAB-BD3D-960728A09C79}.Debug|Any CPU.Build.0 = Debug|Any CPU
		{5D54EEEB-1463-4CAB-BD3D-960728A09C79}.Debug|ARM.ActiveCfg = Debug|Any CPU
		{5D54EEEB-1463-4CAB-BD3D-960728A09C79}.Debug|ARM64.ActiveCfg = Debug|Any CPU
		{5D54EEEB-1463-4CAB-BD3D-960728A09C79}.Debug|x64.ActiveCfg = Debug|Any CPU
		{5D54EEEB-1463-4CAB-BD3D-960728A09C79}.Debug|x86.ActiveCfg = Debug|Any CPU
		{5D54EEEB-1463-4CAB-BD3D-960728A09C79}.Release|Any CPU.ActiveCfg = Release|Any CPU
		{5D54EEEB-1463-4CAB-BD3D-960728A09C79}.Release|Any CPU.Build.0 = Release|Any CPU
		{5D54EEEB-1463-4CAB-BD3D-960728A09C79}.Release|ARM.ActiveCfg = Release|Any CPU
		{5D54EEEB-1463-4CAB-BD3D-960728A09C79}.Release|ARM64.ActiveCfg = Release|Any CPU
		{5D54EEEB-1463-4CAB-BD3D-960728A09C79}.Release|x64.ActiveCfg = Release|Any CPU
		{5D54EEEB-1463-4CAB-BD3D-960728A09C79}.Release|x86.ActiveCfg = Release|Any CPU
		{C66B2A7B-EA24-49A5-91DB-5482CF48B3DA}.Debug|Any CPU.ActiveCfg = Debug|Any CPU
		{C66B2A7B-EA24-49A5-91DB-5482CF48B3DA}.Debug|Any CPU.Build.0 = Debug|Any CPU
		{C66B2A7B-EA24-49A5-91DB-5482CF48B3DA}.Debug|ARM.ActiveCfg = Debug|Any CPU
		{C66B2A7B-EA24-49A5-91DB-5482CF48B3DA}.Debug|ARM.Build.0 = Debug|Any CPU
		{C66B2A7B-EA24-49A5-91DB-5482CF48B3DA}.Debug|ARM64.ActiveCfg = Debug|Any CPU
		{C66B2A7B-EA24-49A5-91DB-5482CF48B3DA}.Debug|ARM64.Build.0 = Debug|Any CPU
		{C66B2A7B-EA24-49A5-91DB-5482CF48B3DA}.Debug|x64.ActiveCfg = Debug|Any CPU
		{C66B2A7B-EA24-49A5-91DB-5482CF48B3DA}.Debug|x64.Build.0 = Debug|Any CPU
		{C66B2A7B-EA24-49A5-91DB-5482CF48B3DA}.Debug|x86.ActiveCfg = Debug|Any CPU
		{C66B2A7B-EA24-49A5-91DB-5482CF48B3DA}.Debug|x86.Build.0 = Debug|Any CPU
		{C66B2A7B-EA24-49A5-91DB-5482CF48B3DA}.Release|Any CPU.ActiveCfg = Release|Any CPU
		{C66B2A7B-EA24-49A5-91DB-5482CF48B3DA}.Release|Any CPU.Build.0 = Release|Any CPU
		{C66B2A7B-EA24-49A5-91DB-5482CF48B3DA}.Release|ARM.ActiveCfg = Release|Any CPU
		{C66B2A7B-EA24-49A5-91DB-5482CF48B3DA}.Release|ARM.Build.0 = Release|Any CPU
		{C66B2A7B-EA24-49A5-91DB-5482CF48B3DA}.Release|ARM64.ActiveCfg = Release|Any CPU
		{C66B2A7B-EA24-49A5-91DB-5482CF48B3DA}.Release|ARM64.Build.0 = Release|Any CPU
		{C66B2A7B-EA24-49A5-91DB-5482CF48B3DA}.Release|x64.ActiveCfg = Release|Any CPU
		{C66B2A7B-EA24-49A5-91DB-5482CF48B3DA}.Release|x64.Build.0 = Release|Any CPU
		{C66B2A7B-EA24-49A5-91DB-5482CF48B3DA}.Release|x86.ActiveCfg = Release|Any CPU
		{C66B2A7B-EA24-49A5-91DB-5482CF48B3DA}.Release|x86.Build.0 = Release|Any CPU
		{4DD68B68-D3F1-4E71-AADA-CC37DC52E64D}.Debug|Any CPU.ActiveCfg = Debug|Any CPU
		{4DD68B68-D3F1-4E71-AADA-CC37DC52E64D}.Debug|Any CPU.Build.0 = Debug|Any CPU
		{4DD68B68-D3F1-4E71-AADA-CC37DC52E64D}.Debug|ARM.ActiveCfg = Debug|Any CPU
		{4DD68B68-D3F1-4E71-AADA-CC37DC52E64D}.Debug|ARM.Build.0 = Debug|Any CPU
		{4DD68B68-D3F1-4E71-AADA-CC37DC52E64D}.Debug|ARM64.ActiveCfg = Debug|Any CPU
		{4DD68B68-D3F1-4E71-AADA-CC37DC52E64D}.Debug|ARM64.Build.0 = Debug|Any CPU
		{4DD68B68-D3F1-4E71-AADA-CC37DC52E64D}.Debug|x64.ActiveCfg = Debug|Any CPU
		{4DD68B68-D3F1-4E71-AADA-CC37DC52E64D}.Debug|x64.Build.0 = Debug|Any CPU
		{4DD68B68-D3F1-4E71-AADA-CC37DC52E64D}.Debug|x86.ActiveCfg = Debug|Any CPU
		{4DD68B68-D3F1-4E71-AADA-CC37DC52E64D}.Debug|x86.Build.0 = Debug|Any CPU
		{4DD68B68-D3F1-4E71-AADA-CC37DC52E64D}.Release|Any CPU.ActiveCfg = Release|Any CPU
		{4DD68B68-D3F1-4E71-AADA-CC37DC52E64D}.Release|Any CPU.Build.0 = Release|Any CPU
		{4DD68B68-D3F1-4E71-AADA-CC37DC52E64D}.Release|ARM.ActiveCfg = Release|Any CPU
		{4DD68B68-D3F1-4E71-AADA-CC37DC52E64D}.Release|ARM.Build.0 = Release|Any CPU
		{4DD68B68-D3F1-4E71-AADA-CC37DC52E64D}.Release|ARM64.ActiveCfg = Release|Any CPU
		{4DD68B68-D3F1-4E71-AADA-CC37DC52E64D}.Release|ARM64.Build.0 = Release|Any CPU
		{4DD68B68-D3F1-4E71-AADA-CC37DC52E64D}.Release|x64.ActiveCfg = Release|Any CPU
		{4DD68B68-D3F1-4E71-AADA-CC37DC52E64D}.Release|x64.Build.0 = Release|Any CPU
		{4DD68B68-D3F1-4E71-AADA-CC37DC52E64D}.Release|x86.ActiveCfg = Release|Any CPU
		{4DD68B68-D3F1-4E71-AADA-CC37DC52E64D}.Release|x86.Build.0 = Release|Any CPU
		{BFFCAA8C-983F-46C8-A5B7-D9817598791D}.Debug|Any CPU.ActiveCfg = Debug|Any CPU
		{BFFCAA8C-983F-46C8-A5B7-D9817598791D}.Debug|Any CPU.Build.0 = Debug|Any CPU
		{BFFCAA8C-983F-46C8-A5B7-D9817598791D}.Debug|Any CPU.Deploy.0 = Debug|Any CPU
		{BFFCAA8C-983F-46C8-A5B7-D9817598791D}.Debug|ARM.ActiveCfg = Debug|Any CPU
		{BFFCAA8C-983F-46C8-A5B7-D9817598791D}.Debug|ARM.Build.0 = Debug|Any CPU
		{BFFCAA8C-983F-46C8-A5B7-D9817598791D}.Debug|ARM.Deploy.0 = Debug|Any CPU
		{BFFCAA8C-983F-46C8-A5B7-D9817598791D}.Debug|ARM64.ActiveCfg = Debug|Any CPU
		{BFFCAA8C-983F-46C8-A5B7-D9817598791D}.Debug|ARM64.Build.0 = Debug|Any CPU
		{BFFCAA8C-983F-46C8-A5B7-D9817598791D}.Debug|ARM64.Deploy.0 = Debug|Any CPU
		{BFFCAA8C-983F-46C8-A5B7-D9817598791D}.Debug|x64.ActiveCfg = Debug|Any CPU
		{BFFCAA8C-983F-46C8-A5B7-D9817598791D}.Debug|x64.Build.0 = Debug|Any CPU
		{BFFCAA8C-983F-46C8-A5B7-D9817598791D}.Debug|x64.Deploy.0 = Debug|Any CPU
		{BFFCAA8C-983F-46C8-A5B7-D9817598791D}.Debug|x86.ActiveCfg = Debug|Any CPU
		{BFFCAA8C-983F-46C8-A5B7-D9817598791D}.Debug|x86.Build.0 = Debug|Any CPU
		{BFFCAA8C-983F-46C8-A5B7-D9817598791D}.Debug|x86.Deploy.0 = Debug|Any CPU
		{BFFCAA8C-983F-46C8-A5B7-D9817598791D}.Release|Any CPU.ActiveCfg = Release|Any CPU
		{BFFCAA8C-983F-46C8-A5B7-D9817598791D}.Release|Any CPU.Build.0 = Release|Any CPU
		{BFFCAA8C-983F-46C8-A5B7-D9817598791D}.Release|Any CPU.Deploy.0 = Release|Any CPU
		{BFFCAA8C-983F-46C8-A5B7-D9817598791D}.Release|ARM.ActiveCfg = Release|Any CPU
		{BFFCAA8C-983F-46C8-A5B7-D9817598791D}.Release|ARM.Build.0 = Release|Any CPU
		{BFFCAA8C-983F-46C8-A5B7-D9817598791D}.Release|ARM.Deploy.0 = Release|Any CPU
		{BFFCAA8C-983F-46C8-A5B7-D9817598791D}.Release|ARM64.ActiveCfg = Release|Any CPU
		{BFFCAA8C-983F-46C8-A5B7-D9817598791D}.Release|ARM64.Build.0 = Release|Any CPU
		{BFFCAA8C-983F-46C8-A5B7-D9817598791D}.Release|ARM64.Deploy.0 = Release|Any CPU
		{BFFCAA8C-983F-46C8-A5B7-D9817598791D}.Release|x64.ActiveCfg = Release|Any CPU
		{BFFCAA8C-983F-46C8-A5B7-D9817598791D}.Release|x64.Build.0 = Release|Any CPU
		{BFFCAA8C-983F-46C8-A5B7-D9817598791D}.Release|x64.Deploy.0 = Release|Any CPU
		{BFFCAA8C-983F-46C8-A5B7-D9817598791D}.Release|x86.ActiveCfg = Release|Any CPU
		{BFFCAA8C-983F-46C8-A5B7-D9817598791D}.Release|x86.Build.0 = Release|Any CPU
		{BFFCAA8C-983F-46C8-A5B7-D9817598791D}.Release|x86.Deploy.0 = Release|Any CPU
		{19E05D1B-775E-4EE1-97CC-7AD5CBA4D163}.Debug|Any CPU.ActiveCfg = Debug|Any CPU
		{19E05D1B-775E-4EE1-97CC-7AD5CBA4D163}.Debug|Any CPU.Build.0 = Debug|Any CPU
		{19E05D1B-775E-4EE1-97CC-7AD5CBA4D163}.Debug|ARM.ActiveCfg = Debug|Any CPU
		{19E05D1B-775E-4EE1-97CC-7AD5CBA4D163}.Debug|ARM.Build.0 = Debug|Any CPU
		{19E05D1B-775E-4EE1-97CC-7AD5CBA4D163}.Debug|ARM64.ActiveCfg = Debug|Any CPU
		{19E05D1B-775E-4EE1-97CC-7AD5CBA4D163}.Debug|ARM64.Build.0 = Debug|Any CPU
		{19E05D1B-775E-4EE1-97CC-7AD5CBA4D163}.Debug|x64.ActiveCfg = Debug|Any CPU
		{19E05D1B-775E-4EE1-97CC-7AD5CBA4D163}.Debug|x64.Build.0 = Debug|Any CPU
		{19E05D1B-775E-4EE1-97CC-7AD5CBA4D163}.Debug|x86.ActiveCfg = Debug|Any CPU
		{19E05D1B-775E-4EE1-97CC-7AD5CBA4D163}.Debug|x86.Build.0 = Debug|Any CPU
		{19E05D1B-775E-4EE1-97CC-7AD5CBA4D163}.Release|Any CPU.ActiveCfg = Release|Any CPU
		{19E05D1B-775E-4EE1-97CC-7AD5CBA4D163}.Release|Any CPU.Build.0 = Release|Any CPU
		{19E05D1B-775E-4EE1-97CC-7AD5CBA4D163}.Release|ARM.ActiveCfg = Release|Any CPU
		{19E05D1B-775E-4EE1-97CC-7AD5CBA4D163}.Release|ARM.Build.0 = Release|Any CPU
		{19E05D1B-775E-4EE1-97CC-7AD5CBA4D163}.Release|ARM64.ActiveCfg = Release|Any CPU
		{19E05D1B-775E-4EE1-97CC-7AD5CBA4D163}.Release|ARM64.Build.0 = Release|Any CPU
		{19E05D1B-775E-4EE1-97CC-7AD5CBA4D163}.Release|x64.ActiveCfg = Release|Any CPU
		{19E05D1B-775E-4EE1-97CC-7AD5CBA4D163}.Release|x64.Build.0 = Release|Any CPU
		{19E05D1B-775E-4EE1-97CC-7AD5CBA4D163}.Release|x86.ActiveCfg = Release|Any CPU
		{19E05D1B-775E-4EE1-97CC-7AD5CBA4D163}.Release|x86.Build.0 = Release|Any CPU
		{231DDCFE-0931-465F-87C4-8D79D9CEECB2}.Debug|Any CPU.ActiveCfg = Debug|Any CPU
		{231DDCFE-0931-465F-87C4-8D79D9CEECB2}.Debug|Any CPU.Build.0 = Debug|Any CPU
		{231DDCFE-0931-465F-87C4-8D79D9CEECB2}.Debug|Any CPU.Deploy.0 = Debug|Any CPU
		{231DDCFE-0931-465F-87C4-8D79D9CEECB2}.Debug|ARM.ActiveCfg = Debug|Any CPU
		{231DDCFE-0931-465F-87C4-8D79D9CEECB2}.Debug|ARM.Build.0 = Debug|Any CPU
		{231DDCFE-0931-465F-87C4-8D79D9CEECB2}.Debug|ARM.Deploy.0 = Debug|Any CPU
		{231DDCFE-0931-465F-87C4-8D79D9CEECB2}.Debug|ARM64.ActiveCfg = Debug|Any CPU
		{231DDCFE-0931-465F-87C4-8D79D9CEECB2}.Debug|ARM64.Build.0 = Debug|Any CPU
		{231DDCFE-0931-465F-87C4-8D79D9CEECB2}.Debug|ARM64.Deploy.0 = Debug|Any CPU
		{231DDCFE-0931-465F-87C4-8D79D9CEECB2}.Debug|x64.ActiveCfg = Debug|Any CPU
		{231DDCFE-0931-465F-87C4-8D79D9CEECB2}.Debug|x64.Build.0 = Debug|Any CPU
		{231DDCFE-0931-465F-87C4-8D79D9CEECB2}.Debug|x64.Deploy.0 = Debug|Any CPU
		{231DDCFE-0931-465F-87C4-8D79D9CEECB2}.Debug|x86.ActiveCfg = Debug|Any CPU
		{231DDCFE-0931-465F-87C4-8D79D9CEECB2}.Debug|x86.Build.0 = Debug|Any CPU
		{231DDCFE-0931-465F-87C4-8D79D9CEECB2}.Debug|x86.Deploy.0 = Debug|Any CPU
		{231DDCFE-0931-465F-87C4-8D79D9CEECB2}.Release|Any CPU.ActiveCfg = Release|Any CPU
		{231DDCFE-0931-465F-87C4-8D79D9CEECB2}.Release|Any CPU.Build.0 = Release|Any CPU
		{231DDCFE-0931-465F-87C4-8D79D9CEECB2}.Release|Any CPU.Deploy.0 = Release|Any CPU
		{231DDCFE-0931-465F-87C4-8D79D9CEECB2}.Release|ARM.ActiveCfg = Release|Any CPU
		{231DDCFE-0931-465F-87C4-8D79D9CEECB2}.Release|ARM.Build.0 = Release|Any CPU
		{231DDCFE-0931-465F-87C4-8D79D9CEECB2}.Release|ARM.Deploy.0 = Release|Any CPU
		{231DDCFE-0931-465F-87C4-8D79D9CEECB2}.Release|ARM64.ActiveCfg = Release|Any CPU
		{231DDCFE-0931-465F-87C4-8D79D9CEECB2}.Release|ARM64.Build.0 = Release|Any CPU
		{231DDCFE-0931-465F-87C4-8D79D9CEECB2}.Release|ARM64.Deploy.0 = Release|Any CPU
		{231DDCFE-0931-465F-87C4-8D79D9CEECB2}.Release|x64.ActiveCfg = Release|Any CPU
		{231DDCFE-0931-465F-87C4-8D79D9CEECB2}.Release|x64.Build.0 = Release|Any CPU
		{231DDCFE-0931-465F-87C4-8D79D9CEECB2}.Release|x64.Deploy.0 = Release|Any CPU
		{231DDCFE-0931-465F-87C4-8D79D9CEECB2}.Release|x86.ActiveCfg = Release|Any CPU
		{231DDCFE-0931-465F-87C4-8D79D9CEECB2}.Release|x86.Build.0 = Release|Any CPU
		{231DDCFE-0931-465F-87C4-8D79D9CEECB2}.Release|x86.Deploy.0 = Release|Any CPU
		{20E199AB-7A4F-49F2-9203-647F50894DD9}.Debug|Any CPU.ActiveCfg = Debug|Any CPU
		{20E199AB-7A4F-49F2-9203-647F50894DD9}.Debug|Any CPU.Build.0 = Debug|Any CPU
		{20E199AB-7A4F-49F2-9203-647F50894DD9}.Debug|ARM.ActiveCfg = Debug|Any CPU
		{20E199AB-7A4F-49F2-9203-647F50894DD9}.Debug|ARM.Build.0 = Debug|Any CPU
		{20E199AB-7A4F-49F2-9203-647F50894DD9}.Debug|ARM64.ActiveCfg = Debug|Any CPU
		{20E199AB-7A4F-49F2-9203-647F50894DD9}.Debug|ARM64.Build.0 = Debug|Any CPU
		{20E199AB-7A4F-49F2-9203-647F50894DD9}.Debug|x64.ActiveCfg = Debug|Any CPU
		{20E199AB-7A4F-49F2-9203-647F50894DD9}.Debug|x64.Build.0 = Debug|Any CPU
		{20E199AB-7A4F-49F2-9203-647F50894DD9}.Debug|x86.ActiveCfg = Debug|Any CPU
		{20E199AB-7A4F-49F2-9203-647F50894DD9}.Debug|x86.Build.0 = Debug|Any CPU
		{20E199AB-7A4F-49F2-9203-647F50894DD9}.Release|Any CPU.ActiveCfg = Release|Any CPU
		{20E199AB-7A4F-49F2-9203-647F50894DD9}.Release|Any CPU.Build.0 = Release|Any CPU
		{20E199AB-7A4F-49F2-9203-647F50894DD9}.Release|ARM.ActiveCfg = Release|Any CPU
		{20E199AB-7A4F-49F2-9203-647F50894DD9}.Release|ARM.Build.0 = Release|Any CPU
		{20E199AB-7A4F-49F2-9203-647F50894DD9}.Release|ARM64.ActiveCfg = Release|Any CPU
		{20E199AB-7A4F-49F2-9203-647F50894DD9}.Release|ARM64.Build.0 = Release|Any CPU
		{20E199AB-7A4F-49F2-9203-647F50894DD9}.Release|x64.ActiveCfg = Release|Any CPU
		{20E199AB-7A4F-49F2-9203-647F50894DD9}.Release|x64.Build.0 = Release|Any CPU
		{20E199AB-7A4F-49F2-9203-647F50894DD9}.Release|x86.ActiveCfg = Release|Any CPU
		{20E199AB-7A4F-49F2-9203-647F50894DD9}.Release|x86.Build.0 = Release|Any CPU
		{F783830E-C1D8-4956-AE09-1E4AE4113D53}.Debug|Any CPU.ActiveCfg = Debug|Any CPU
		{F783830E-C1D8-4956-AE09-1E4AE4113D53}.Debug|Any CPU.Build.0 = Debug|Any CPU
		{F783830E-C1D8-4956-AE09-1E4AE4113D53}.Debug|ARM.ActiveCfg = Debug|Any CPU
		{F783830E-C1D8-4956-AE09-1E4AE4113D53}.Debug|ARM.Build.0 = Debug|Any CPU
		{F783830E-C1D8-4956-AE09-1E4AE4113D53}.Debug|ARM64.ActiveCfg = Debug|Any CPU
		{F783830E-C1D8-4956-AE09-1E4AE4113D53}.Debug|ARM64.Build.0 = Debug|Any CPU
		{F783830E-C1D8-4956-AE09-1E4AE4113D53}.Debug|x64.ActiveCfg = Debug|Any CPU
		{F783830E-C1D8-4956-AE09-1E4AE4113D53}.Debug|x64.Build.0 = Debug|Any CPU
		{F783830E-C1D8-4956-AE09-1E4AE4113D53}.Debug|x86.ActiveCfg = Debug|Any CPU
		{F783830E-C1D8-4956-AE09-1E4AE4113D53}.Debug|x86.Build.0 = Debug|Any CPU
		{F783830E-C1D8-4956-AE09-1E4AE4113D53}.Release|Any CPU.ActiveCfg = Release|Any CPU
		{F783830E-C1D8-4956-AE09-1E4AE4113D53}.Release|Any CPU.Build.0 = Release|Any CPU
		{F783830E-C1D8-4956-AE09-1E4AE4113D53}.Release|ARM.ActiveCfg = Release|Any CPU
		{F783830E-C1D8-4956-AE09-1E4AE4113D53}.Release|ARM.Build.0 = Release|Any CPU
		{F783830E-C1D8-4956-AE09-1E4AE4113D53}.Release|ARM64.ActiveCfg = Release|Any CPU
		{F783830E-C1D8-4956-AE09-1E4AE4113D53}.Release|ARM64.Build.0 = Release|Any CPU
		{F783830E-C1D8-4956-AE09-1E4AE4113D53}.Release|x64.ActiveCfg = Release|Any CPU
		{F783830E-C1D8-4956-AE09-1E4AE4113D53}.Release|x64.Build.0 = Release|Any CPU
		{F783830E-C1D8-4956-AE09-1E4AE4113D53}.Release|x86.ActiveCfg = Release|Any CPU
		{F783830E-C1D8-4956-AE09-1E4AE4113D53}.Release|x86.Build.0 = Release|Any CPU
	EndGlobalSection
	GlobalSection(SolutionProperties) = preSolution
		HideSolutionNode = FALSE
	EndGlobalSection
	GlobalSection(ExtensibilityGlobals) = postSolution
		SolutionGuid = {A8F5C168-27FB-4182-975A-16805EB14074}
	EndGlobalSection
EndGlobal
