
Microsoft Visual Studio Solution File, Format Version 12.00
# Visual Studio Version 17
VisualStudioVersion = 17.11.35208.52
MinimumVisualStudioVersion = 10.0.40219.1
Project("{9A19103F-16F7-4668-BE54-9A1E7A4F7556}") = "Babble.Core", "Babble.Core.csproj", "{C243810D-B621-4317-90F9-2B8DCAF03792}"
EndProject
Project("{9A19103F-16F7-4668-BE54-9A1E7A4F7556}") = "Babble.Tests", "..\Babble.Tests\Babble.Tests.csproj", "{C66B2A7B-EA24-49A5-91DB-5482CF48B3DA}"
EndProject
Project("{9A19103F-16F7-4668-BE54-9A1E7A4F7556}") = "Babble.Avalonia", "..\Babble.Avalonia\Babble.Avalonia.csproj", "{4DD68B68-D3F1-4E71-AADA-CC37DC52E64D}"
EndProject
Project("{9A19103F-16F7-4668-BE54-9A1E7A4F7556}") = "Babble.Avalonia.Android", "..\Babble.Avalonia.Android\Babble.Avalonia.Android.csproj", "{BFFCAA8C-983F-46C8-A5B7-D9817598791D}"
EndProject
Project("{9A19103F-16F7-4668-BE54-9A1E7A4F7556}") = "Babble.Avalonia.Desktop", "..\Babble.Avalonia.Desktop\Babble.Avalonia.Desktop.csproj", "{19E05D1B-775E-4EE1-97CC-7AD5CBA4D163}"
EndProject
Project("{9A19103F-16F7-4668-BE54-9A1E7A4F7556}") = "VRCFaceTracking.Core", "..\VRCFaceTracking\VRCFaceTracking.Core\VRCFaceTracking.Core.csproj", "{28903F6A-6E4B-4CD0-A31F-FDDA43025A31}"
EndProject
Project("{9A19103F-16F7-4668-BE54-9A1E7A4F7556}") = "VRCFaceTracking.SDK", "..\VRCFaceTracking\VRCFaceTracking.SDK\VRCFaceTracking.SDK.csproj", "{B39D4700-2BD3-4BB5-A55B-FEA738B17972}"
EndProject
Project("{9A19103F-16F7-4668-BE54-9A1E7A4F7556}") = "Babble.Benchmarks", "..\Babble.Benchmarks\Babble.Benchmarks.csproj", "{831FED58-B94E-40A8-8DC3-54F2EF36E879}"
EndProject
Project("{C7167F0D-BC9F-4E6E-AFE1-012C56B48DB5}") = "Babble.Windows.Installer.NSIS", "..\Babble.Windows.Installer\Babble.Windows.Installer.NSIS.wapproj", "{C613C4EF-C576-4D06-B26A-DDB84DE8930C}"
EndProject
Project("{9A19103F-16F7-4668-BE54-9A1E7A4F7556}") = "DesktopNotifications.Windows", "..\DesktopNotifications\DesktopNotifications.Windows\DesktopNotifications.Windows.csproj", "{121F7EC9-299C-4996-8019-F3F58C5CEEFF}"
EndProject
Project("{9A19103F-16F7-4668-BE54-9A1E7A4F7556}") = "DesktopNotifications.FreeDesktop", "..\DesktopNotifications\DesktopNotifications.FreeDesktop\DesktopNotifications.FreeDesktop.csproj", "{D883BE78-6F55-4883-BBC7-8DBF9B729A40}"
EndProject
Project("{9A19103F-16F7-4668-BE54-9A1E7A4F7556}") = "DesktopNotifications.Avalonia", "..\DesktopNotifications\DesktopNotifications.Avalonia\DesktopNotifications.Avalonia.csproj", "{F866FEA4-015E-4335-9123-9CA178418E39}"
EndProject
Project("{9A19103F-16F7-4668-BE54-9A1E7A4F7556}") = "DesktopNotifications", "..\DesktopNotifications\DesktopNotifications\DesktopNotifications.csproj", "{9E2A7618-EA69-4308-8057-915806D9C30C}"
EndProject
Project("{9A19103F-16F7-4668-BE54-9A1E7A4F7556}") = "DesktopNotifications.Apple", "..\DesktopNotifications\DesktopNotifications.Apple\DesktopNotifications.Apple.csproj", "{442D68F8-A621-485F-B591-63EC732458E0}"
EndProject
Global
	GlobalSection(SolutionConfigurationPlatforms) = preSolution
		Debug|Any CPU = Debug|Any CPU
		Debug|ARM = Debug|ARM
		Debug|ARM64 = Debug|ARM64
		Debug|x64 = Debug|x64
		Debug|x86 = Debug|x86
		Release|Any CPU = Release|Any CPU
		Release|ARM = Release|ARM
		Release|ARM64 = Release|ARM64
		Release|x64 = Release|x64
		Release|x86 = Release|x86
		Windows|Any CPU = Windows|Any CPU
		Windows|ARM = Windows|ARM
		Windows|ARM64 = Windows|ARM64
		Windows|x64 = Windows|x64
		Windows|x86 = Windows|x86
	EndGlobalSection
	GlobalSection(ProjectConfigurationPlatforms) = postSolution
		{C243810D-B621-4317-90F9-2B8DCAF03792}.Debug|Any CPU.ActiveCfg = Debug|Any CPU
		{C243810D-B621-4317-90F9-2B8DCAF03792}.Debug|Any CPU.Build.0 = Debug|Any CPU
		{C243810D-B621-4317-90F9-2B8DCAF03792}.Debug|ARM.ActiveCfg = Debug|Any CPU
		{C243810D-B621-4317-90F9-2B8DCAF03792}.Debug|ARM.Build.0 = Debug|Any CPU
		{C243810D-B621-4317-90F9-2B8DCAF03792}.Debug|ARM64.ActiveCfg = Debug|Any CPU
		{C243810D-B621-4317-90F9-2B8DCAF03792}.Debug|ARM64.Build.0 = Debug|Any CPU
		{C243810D-B621-4317-90F9-2B8DCAF03792}.Debug|x64.ActiveCfg = Debug|Any CPU
		{C243810D-B621-4317-90F9-2B8DCAF03792}.Debug|x64.Build.0 = Debug|Any CPU
		{C243810D-B621-4317-90F9-2B8DCAF03792}.Debug|x86.ActiveCfg = Debug|Any CPU
		{C243810D-B621-4317-90F9-2B8DCAF03792}.Debug|x86.Build.0 = Debug|Any CPU
		{C243810D-B621-4317-90F9-2B8DCAF03792}.Release|Any CPU.ActiveCfg = Release|Any CPU
		{C243810D-B621-4317-90F9-2B8DCAF03792}.Release|Any CPU.Build.0 = Release|Any CPU
		{C243810D-B621-4317-90F9-2B8DCAF03792}.Release|ARM.ActiveCfg = Release|Any CPU
		{C243810D-B621-4317-90F9-2B8DCAF03792}.Release|ARM.Build.0 = Release|Any CPU
		{C243810D-B621-4317-90F9-2B8DCAF03792}.Release|ARM64.ActiveCfg = Release|Any CPU
		{C243810D-B621-4317-90F9-2B8DCAF03792}.Release|ARM64.Build.0 = Release|Any CPU
		{C243810D-B621-4317-90F9-2B8DCAF03792}.Release|x64.ActiveCfg = Release|Any CPU
		{C243810D-B621-4317-90F9-2B8DCAF03792}.Release|x64.Build.0 = Release|Any CPU
		{C243810D-B621-4317-90F9-2B8DCAF03792}.Release|x86.ActiveCfg = Release|Any CPU
		{C243810D-B621-4317-90F9-2B8DCAF03792}.Release|x86.Build.0 = Release|Any CPU
		{C243810D-B621-4317-90F9-2B8DCAF03792}.Windows|Any CPU.ActiveCfg = Windows|Any CPU
		{C243810D-B621-4317-90F9-2B8DCAF03792}.Windows|Any CPU.Build.0 = Windows|Any CPU
		{C243810D-B621-4317-90F9-2B8DCAF03792}.Windows|ARM.ActiveCfg = Windows|Any CPU
		{C243810D-B621-4317-90F9-2B8DCAF03792}.Windows|ARM.Build.0 = Windows|Any CPU
		{C243810D-B621-4317-90F9-2B8DCAF03792}.Windows|ARM64.ActiveCfg = Windows|Any CPU
		{C243810D-B621-4317-90F9-2B8DCAF03792}.Windows|ARM64.Build.0 = Windows|Any CPU
		{C243810D-B621-4317-90F9-2B8DCAF03792}.Windows|x64.ActiveCfg = Windows|Any CPU
		{C243810D-B621-4317-90F9-2B8DCAF03792}.Windows|x64.Build.0 = Windows|Any CPU
		{C243810D-B621-4317-90F9-2B8DCAF03792}.Windows|x86.ActiveCfg = Windows|Any CPU
		{C243810D-B621-4317-90F9-2B8DCAF03792}.Windows|x86.Build.0 = Windows|Any CPU
		{C66B2A7B-EA24-49A5-91DB-5482CF48B3DA}.Debug|Any CPU.ActiveCfg = Debug|Any CPU
		{C66B2A7B-EA24-49A5-91DB-5482CF48B3DA}.Debug|Any CPU.Build.0 = Debug|Any CPU
		{C66B2A7B-EA24-49A5-91DB-5482CF48B3DA}.Debug|ARM.ActiveCfg = Debug|Any CPU
		{C66B2A7B-EA24-49A5-91DB-5482CF48B3DA}.Debug|ARM.Build.0 = Debug|Any CPU
		{C66B2A7B-EA24-49A5-91DB-5482CF48B3DA}.Debug|ARM64.ActiveCfg = Debug|Any CPU
		{C66B2A7B-EA24-49A5-91DB-5482CF48B3DA}.Debug|ARM64.Build.0 = Debug|Any CPU
		{C66B2A7B-EA24-49A5-91DB-5482CF48B3DA}.Debug|x64.ActiveCfg = Debug|Any CPU
		{C66B2A7B-EA24-49A5-91DB-5482CF48B3DA}.Debug|x64.Build.0 = Debug|Any CPU
		{C66B2A7B-EA24-49A5-91DB-5482CF48B3DA}.Debug|x86.ActiveCfg = Debug|Any CPU
		{C66B2A7B-EA24-49A5-91DB-5482CF48B3DA}.Debug|x86.Build.0 = Debug|Any CPU
		{C66B2A7B-EA24-49A5-91DB-5482CF48B3DA}.Release|Any CPU.ActiveCfg = Release|Any CPU
		{C66B2A7B-EA24-49A5-91DB-5482CF48B3DA}.Release|Any CPU.Build.0 = Release|Any CPU
		{C66B2A7B-EA24-49A5-91DB-5482CF48B3DA}.Release|ARM.ActiveCfg = Release|Any CPU
		{C66B2A7B-EA24-49A5-91DB-5482CF48B3DA}.Release|ARM.Build.0 = Release|Any CPU
		{C66B2A7B-EA24-49A5-91DB-5482CF48B3DA}.Release|ARM64.ActiveCfg = Release|Any CPU
		{C66B2A7B-EA24-49A5-91DB-5482CF48B3DA}.Release|ARM64.Build.0 = Release|Any CPU
		{C66B2A7B-EA24-49A5-91DB-5482CF48B3DA}.Release|x64.ActiveCfg = Release|Any CPU
		{C66B2A7B-EA24-49A5-91DB-5482CF48B3DA}.Release|x64.Build.0 = Release|Any CPU
		{C66B2A7B-EA24-49A5-91DB-5482CF48B3DA}.Release|x86.ActiveCfg = Release|Any CPU
		{C66B2A7B-EA24-49A5-91DB-5482CF48B3DA}.Release|x86.Build.0 = Release|Any CPU
		{C66B2A7B-EA24-49A5-91DB-5482CF48B3DA}.Windows|Any CPU.ActiveCfg = Release|Any CPU
		{C66B2A7B-EA24-49A5-91DB-5482CF48B3DA}.Windows|ARM.ActiveCfg = Release|Any CPU
		{C66B2A7B-EA24-49A5-91DB-5482CF48B3DA}.Windows|ARM64.ActiveCfg = Release|Any CPU
		{C66B2A7B-EA24-49A5-91DB-5482CF48B3DA}.Windows|x64.ActiveCfg = Release|Any CPU
		{C66B2A7B-EA24-49A5-91DB-5482CF48B3DA}.Windows|x86.ActiveCfg = Release|Any CPU
		{4DD68B68-D3F1-4E71-AADA-CC37DC52E64D}.Debug|Any CPU.ActiveCfg = Debug|Any CPU
		{4DD68B68-D3F1-4E71-AADA-CC37DC52E64D}.Debug|Any CPU.Build.0 = Debug|Any CPU
		{4DD68B68-D3F1-4E71-AADA-CC37DC52E64D}.Debug|ARM.ActiveCfg = Debug|Any CPU
		{4DD68B68-D3F1-4E71-AADA-CC37DC52E64D}.Debug|ARM.Build.0 = Debug|Any CPU
		{4DD68B68-D3F1-4E71-AADA-CC37DC52E64D}.Debug|ARM64.ActiveCfg = Debug|Any CPU
		{4DD68B68-D3F1-4E71-AADA-CC37DC52E64D}.Debug|ARM64.Build.0 = Debug|Any CPU
		{4DD68B68-D3F1-4E71-AADA-CC37DC52E64D}.Debug|x64.ActiveCfg = Debug|Any CPU
		{4DD68B68-D3F1-4E71-AADA-CC37DC52E64D}.Debug|x64.Build.0 = Debug|Any CPU
		{4DD68B68-D3F1-4E71-AADA-CC37DC52E64D}.Debug|x86.ActiveCfg = Debug|Any CPU
		{4DD68B68-D3F1-4E71-AADA-CC37DC52E64D}.Debug|x86.Build.0 = Debug|Any CPU
		{4DD68B68-D3F1-4E71-AADA-CC37DC52E64D}.Release|Any CPU.ActiveCfg = Release|Any CPU
		{4DD68B68-D3F1-4E71-AADA-CC37DC52E64D}.Release|Any CPU.Build.0 = Release|Any CPU
		{4DD68B68-D3F1-4E71-AADA-CC37DC52E64D}.Release|ARM.ActiveCfg = Release|Any CPU
		{4DD68B68-D3F1-4E71-AADA-CC37DC52E64D}.Release|ARM.Build.0 = Release|Any CPU
		{4DD68B68-D3F1-4E71-AADA-CC37DC52E64D}.Release|ARM64.ActiveCfg = Release|Any CPU
		{4DD68B68-D3F1-4E71-AADA-CC37DC52E64D}.Release|ARM64.Build.0 = Release|Any CPU
		{4DD68B68-D3F1-4E71-AADA-CC37DC52E64D}.Release|x64.ActiveCfg = Release|Any CPU
		{4DD68B68-D3F1-4E71-AADA-CC37DC52E64D}.Release|x64.Build.0 = Release|Any CPU
		{4DD68B68-D3F1-4E71-AADA-CC37DC52E64D}.Release|x86.ActiveCfg = Release|Any CPU
		{4DD68B68-D3F1-4E71-AADA-CC37DC52E64D}.Release|x86.Build.0 = Release|Any CPU
		{4DD68B68-D3F1-4E71-AADA-CC37DC52E64D}.Windows|Any CPU.ActiveCfg = Windows|Any CPU
		{4DD68B68-D3F1-4E71-AADA-CC37DC52E64D}.Windows|Any CPU.Build.0 = Windows|Any CPU
		{4DD68B68-D3F1-4E71-AADA-CC37DC52E64D}.Windows|ARM.ActiveCfg = Windows|Any CPU
		{4DD68B68-D3F1-4E71-AADA-CC37DC52E64D}.Windows|ARM.Build.0 = Windows|Any CPU
		{4DD68B68-D3F1-4E71-AADA-CC37DC52E64D}.Windows|ARM64.ActiveCfg = Windows|Any CPU
		{4DD68B68-D3F1-4E71-AADA-CC37DC52E64D}.Windows|ARM64.Build.0 = Windows|Any CPU
		{4DD68B68-D3F1-4E71-AADA-CC37DC52E64D}.Windows|x64.ActiveCfg = Windows|Any CPU
		{4DD68B68-D3F1-4E71-AADA-CC37DC52E64D}.Windows|x64.Build.0 = Windows|Any CPU
		{4DD68B68-D3F1-4E71-AADA-CC37DC52E64D}.Windows|x86.ActiveCfg = Windows|Any CPU
		{4DD68B68-D3F1-4E71-AADA-CC37DC52E64D}.Windows|x86.Build.0 = Windows|Any CPU
		{BFFCAA8C-983F-46C8-A5B7-D9817598791D}.Debug|Any CPU.ActiveCfg = Debug|Any CPU
		{BFFCAA8C-983F-46C8-A5B7-D9817598791D}.Debug|Any CPU.Build.0 = Debug|Any CPU
		{BFFCAA8C-983F-46C8-A5B7-D9817598791D}.Debug|Any CPU.Deploy.0 = Debug|Any CPU
		{BFFCAA8C-983F-46C8-A5B7-D9817598791D}.Debug|ARM.ActiveCfg = Debug|Any CPU
		{BFFCAA8C-983F-46C8-A5B7-D9817598791D}.Debug|ARM.Build.0 = Debug|Any CPU
		{BFFCAA8C-983F-46C8-A5B7-D9817598791D}.Debug|ARM.Deploy.0 = Debug|Any CPU
		{BFFCAA8C-983F-46C8-A5B7-D9817598791D}.Debug|ARM64.ActiveCfg = Debug|Any CPU
		{BFFCAA8C-983F-46C8-A5B7-D9817598791D}.Debug|ARM64.Build.0 = Debug|Any CPU
		{BFFCAA8C-983F-46C8-A5B7-D9817598791D}.Debug|ARM64.Deploy.0 = Debug|Any CPU
		{BFFCAA8C-983F-46C8-A5B7-D9817598791D}.Debug|x64.ActiveCfg = Debug|Any CPU
		{BFFCAA8C-983F-46C8-A5B7-D9817598791D}.Debug|x64.Build.0 = Debug|Any CPU
		{BFFCAA8C-983F-46C8-A5B7-D9817598791D}.Debug|x64.Deploy.0 = Debug|Any CPU
		{BFFCAA8C-983F-46C8-A5B7-D9817598791D}.Debug|x86.ActiveCfg = Debug|Any CPU
		{BFFCAA8C-983F-46C8-A5B7-D9817598791D}.Debug|x86.Build.0 = Debug|Any CPU
		{BFFCAA8C-983F-46C8-A5B7-D9817598791D}.Debug|x86.Deploy.0 = Debug|Any CPU
		{BFFCAA8C-983F-46C8-A5B7-D9817598791D}.Release|Any CPU.ActiveCfg = Release|Any CPU
		{BFFCAA8C-983F-46C8-A5B7-D9817598791D}.Release|Any CPU.Build.0 = Release|Any CPU
		{BFFCAA8C-983F-46C8-A5B7-D9817598791D}.Release|Any CPU.Deploy.0 = Release|Any CPU
		{BFFCAA8C-983F-46C8-A5B7-D9817598791D}.Release|ARM.ActiveCfg = Release|Any CPU
		{BFFCAA8C-983F-46C8-A5B7-D9817598791D}.Release|ARM.Build.0 = Release|Any CPU
		{BFFCAA8C-983F-46C8-A5B7-D9817598791D}.Release|ARM.Deploy.0 = Release|Any CPU
		{BFFCAA8C-983F-46C8-A5B7-D9817598791D}.Release|ARM64.ActiveCfg = Release|Any CPU
		{BFFCAA8C-983F-46C8-A5B7-D9817598791D}.Release|ARM64.Build.0 = Release|Any CPU
		{BFFCAA8C-983F-46C8-A5B7-D9817598791D}.Release|ARM64.Deploy.0 = Release|Any CPU
		{BFFCAA8C-983F-46C8-A5B7-D9817598791D}.Release|x64.ActiveCfg = Release|Any CPU
		{BFFCAA8C-983F-46C8-A5B7-D9817598791D}.Release|x64.Build.0 = Release|Any CPU
		{BFFCAA8C-983F-46C8-A5B7-D9817598791D}.Release|x64.Deploy.0 = Release|Any CPU
		{BFFCAA8C-983F-46C8-A5B7-D9817598791D}.Release|x86.ActiveCfg = Release|Any CPU
		{BFFCAA8C-983F-46C8-A5B7-D9817598791D}.Release|x86.Build.0 = Release|Any CPU
		{BFFCAA8C-983F-46C8-A5B7-D9817598791D}.Release|x86.Deploy.0 = Release|Any CPU
		{BFFCAA8C-983F-46C8-A5B7-D9817598791D}.Windows|Any CPU.ActiveCfg = Windows|Any CPU
		{BFFCAA8C-983F-46C8-A5B7-D9817598791D}.Windows|Any CPU.Build.0 = Windows|Any CPU
		{BFFCAA8C-983F-46C8-A5B7-D9817598791D}.Windows|Any CPU.Deploy.0 = Windows|Any CPU
		{BFFCAA8C-983F-46C8-A5B7-D9817598791D}.Windows|ARM.ActiveCfg = Windows|Any CPU
		{BFFCAA8C-983F-46C8-A5B7-D9817598791D}.Windows|ARM.Build.0 = Windows|Any CPU
		{BFFCAA8C-983F-46C8-A5B7-D9817598791D}.Windows|ARM.Deploy.0 = Windows|Any CPU
		{BFFCAA8C-983F-46C8-A5B7-D9817598791D}.Windows|ARM64.ActiveCfg = Windows|Any CPU
		{BFFCAA8C-983F-46C8-A5B7-D9817598791D}.Windows|ARM64.Build.0 = Windows|Any CPU
		{BFFCAA8C-983F-46C8-A5B7-D9817598791D}.Windows|ARM64.Deploy.0 = Windows|Any CPU
		{BFFCAA8C-983F-46C8-A5B7-D9817598791D}.Windows|x64.ActiveCfg = Windows|Any CPU
		{BFFCAA8C-983F-46C8-A5B7-D9817598791D}.Windows|x64.Build.0 = Windows|Any CPU
		{BFFCAA8C-983F-46C8-A5B7-D9817598791D}.Windows|x64.Deploy.0 = Windows|Any CPU
		{BFFCAA8C-983F-46C8-A5B7-D9817598791D}.Windows|x86.ActiveCfg = Windows|Any CPU
		{BFFCAA8C-983F-46C8-A5B7-D9817598791D}.Windows|x86.Build.0 = Windows|Any CPU
		{BFFCAA8C-983F-46C8-A5B7-D9817598791D}.Windows|x86.Deploy.0 = Windows|Any CPU
		{19E05D1B-775E-4EE1-97CC-7AD5CBA4D163}.Debug|Any CPU.ActiveCfg = Debug|Any CPU
		{19E05D1B-775E-4EE1-97CC-7AD5CBA4D163}.Debug|Any CPU.Build.0 = Debug|Any CPU
		{19E05D1B-775E-4EE1-97CC-7AD5CBA4D163}.Debug|ARM.ActiveCfg = Debug|Any CPU
		{19E05D1B-775E-4EE1-97CC-7AD5CBA4D163}.Debug|ARM.Build.0 = Debug|Any CPU
		{19E05D1B-775E-4EE1-97CC-7AD5CBA4D163}.Debug|ARM64.ActiveCfg = Debug|Any CPU
		{19E05D1B-775E-4EE1-97CC-7AD5CBA4D163}.Debug|ARM64.Build.0 = Debug|Any CPU
		{19E05D1B-775E-4EE1-97CC-7AD5CBA4D163}.Debug|x64.ActiveCfg = Debug|Any CPU
		{19E05D1B-775E-4EE1-97CC-7AD5CBA4D163}.Debug|x64.Build.0 = Debug|Any CPU
		{19E05D1B-775E-4EE1-97CC-7AD5CBA4D163}.Debug|x86.ActiveCfg = Debug|Any CPU
		{19E05D1B-775E-4EE1-97CC-7AD5CBA4D163}.Debug|x86.Build.0 = Debug|Any CPU
		{19E05D1B-775E-4EE1-97CC-7AD5CBA4D163}.Release|Any CPU.ActiveCfg = Release|Any CPU
		{19E05D1B-775E-4EE1-97CC-7AD5CBA4D163}.Release|Any CPU.Build.0 = Release|Any CPU
		{19E05D1B-775E-4EE1-97CC-7AD5CBA4D163}.Release|ARM.ActiveCfg = Release|Any CPU
		{19E05D1B-775E-4EE1-97CC-7AD5CBA4D163}.Release|ARM.Build.0 = Release|Any CPU
		{19E05D1B-775E-4EE1-97CC-7AD5CBA4D163}.Release|ARM64.ActiveCfg = Release|Any CPU
		{19E05D1B-775E-4EE1-97CC-7AD5CBA4D163}.Release|ARM64.Build.0 = Release|Any CPU
		{19E05D1B-775E-4EE1-97CC-7AD5CBA4D163}.Release|x64.ActiveCfg = Release|Any CPU
		{19E05D1B-775E-4EE1-97CC-7AD5CBA4D163}.Release|x64.Build.0 = Release|Any CPU
		{19E05D1B-775E-4EE1-97CC-7AD5CBA4D163}.Release|x86.ActiveCfg = Release|Any CPU
		{19E05D1B-775E-4EE1-97CC-7AD5CBA4D163}.Release|x86.Build.0 = Release|Any CPU
		{19E05D1B-775E-4EE1-97CC-7AD5CBA4D163}.Windows|Any CPU.ActiveCfg = Windows|Any CPU
		{19E05D1B-775E-4EE1-97CC-7AD5CBA4D163}.Windows|Any CPU.Build.0 = Windows|Any CPU
		{19E05D1B-775E-4EE1-97CC-7AD5CBA4D163}.Windows|ARM.ActiveCfg = Windows|Any CPU
		{19E05D1B-775E-4EE1-97CC-7AD5CBA4D163}.Windows|ARM.Build.0 = Windows|Any CPU
		{19E05D1B-775E-4EE1-97CC-7AD5CBA4D163}.Windows|ARM64.ActiveCfg = Windows|Any CPU
		{19E05D1B-775E-4EE1-97CC-7AD5CBA4D163}.Windows|ARM64.Build.0 = Windows|Any CPU
		{19E05D1B-775E-4EE1-97CC-7AD5CBA4D163}.Windows|x64.ActiveCfg = Windows|Any CPU
		{19E05D1B-775E-4EE1-97CC-7AD5CBA4D163}.Windows|x64.Build.0 = Windows|Any CPU
		{19E05D1B-775E-4EE1-97CC-7AD5CBA4D163}.Windows|x86.ActiveCfg = Windows|Any CPU
		{19E05D1B-775E-4EE1-97CC-7AD5CBA4D163}.Windows|x86.Build.0 = Windows|Any CPU
		{28903F6A-6E4B-4CD0-A31F-FDDA43025A31}.Debug|Any CPU.ActiveCfg = Debug|Any CPU
		{28903F6A-6E4B-4CD0-A31F-FDDA43025A31}.Debug|Any CPU.Build.0 = Debug|Any CPU
		{28903F6A-6E4B-4CD0-A31F-FDDA43025A31}.Debug|ARM.ActiveCfg = Debug|Any CPU
		{28903F6A-6E4B-4CD0-A31F-FDDA43025A31}.Debug|ARM.Build.0 = Debug|Any CPU
		{28903F6A-6E4B-4CD0-A31F-FDDA43025A31}.Debug|ARM64.ActiveCfg = Debug|arm64
		{28903F6A-6E4B-4CD0-A31F-FDDA43025A31}.Debug|ARM64.Build.0 = Debug|arm64
		{28903F6A-6E4B-4CD0-A31F-FDDA43025A31}.Debug|x64.ActiveCfg = Debug|x64
		{28903F6A-6E4B-4CD0-A31F-FDDA43025A31}.Debug|x64.Build.0 = Debug|x64
		{28903F6A-6E4B-4CD0-A31F-FDDA43025A31}.Debug|x86.ActiveCfg = Debug|x86
		{28903F6A-6E4B-4CD0-A31F-FDDA43025A31}.Debug|x86.Build.0 = Debug|x86
		{28903F6A-6E4B-4CD0-A31F-FDDA43025A31}.Release|Any CPU.ActiveCfg = Release|Any CPU
		{28903F6A-6E4B-4CD0-A31F-FDDA43025A31}.Release|Any CPU.Build.0 = Release|Any CPU
		{28903F6A-6E4B-4CD0-A31F-FDDA43025A31}.Release|ARM.ActiveCfg = Release|Any CPU
		{28903F6A-6E4B-4CD0-A31F-FDDA43025A31}.Release|ARM.Build.0 = Release|Any CPU
		{28903F6A-6E4B-4CD0-A31F-FDDA43025A31}.Release|ARM64.ActiveCfg = Release|arm64
		{28903F6A-6E4B-4CD0-A31F-FDDA43025A31}.Release|ARM64.Build.0 = Release|arm64
		{28903F6A-6E4B-4CD0-A31F-FDDA43025A31}.Release|x64.ActiveCfg = Release|x64
		{28903F6A-6E4B-4CD0-A31F-FDDA43025A31}.Release|x64.Build.0 = Release|x64
		{28903F6A-6E4B-4CD0-A31F-FDDA43025A31}.Release|x86.ActiveCfg = Release|x86
		{28903F6A-6E4B-4CD0-A31F-FDDA43025A31}.Release|x86.Build.0 = Release|x86
		{28903F6A-6E4B-4CD0-A31F-FDDA43025A31}.Windows|Any CPU.ActiveCfg = Windows|Any CPU
		{28903F6A-6E4B-4CD0-A31F-FDDA43025A31}.Windows|Any CPU.Build.0 = Windows|Any CPU
		{28903F6A-6E4B-4CD0-A31F-FDDA43025A31}.Windows|ARM.ActiveCfg = Windows|Any CPU
		{28903F6A-6E4B-4CD0-A31F-FDDA43025A31}.Windows|ARM.Build.0 = Windows|Any CPU
		{28903F6A-6E4B-4CD0-A31F-FDDA43025A31}.Windows|ARM64.ActiveCfg = Windows|arm64
		{28903F6A-6E4B-4CD0-A31F-FDDA43025A31}.Windows|ARM64.Build.0 = Windows|arm64
		{28903F6A-6E4B-4CD0-A31F-FDDA43025A31}.Windows|x64.ActiveCfg = Windows|x64
		{28903F6A-6E4B-4CD0-A31F-FDDA43025A31}.Windows|x64.Build.0 = Windows|x64
		{28903F6A-6E4B-4CD0-A31F-FDDA43025A31}.Windows|x86.ActiveCfg = Windows|x86
		{28903F6A-6E4B-4CD0-A31F-FDDA43025A31}.Windows|x86.Build.0 = Windows|x86
		{B39D4700-2BD3-4BB5-A55B-FEA738B17972}.Debug|Any CPU.ActiveCfg = Debug|Any CPU
		{B39D4700-2BD3-4BB5-A55B-FEA738B17972}.Debug|Any CPU.Build.0 = Debug|Any CPU
		{B39D4700-2BD3-4BB5-A55B-FEA738B17972}.Debug|ARM.ActiveCfg = Debug|Any CPU
		{B39D4700-2BD3-4BB5-A55B-FEA738B17972}.Debug|ARM.Build.0 = Debug|Any CPU
		{B39D4700-2BD3-4BB5-A55B-FEA738B17972}.Debug|ARM64.ActiveCfg = Debug|Any CPU
		{B39D4700-2BD3-4BB5-A55B-FEA738B17972}.Debug|ARM64.Build.0 = Debug|Any CPU
		{B39D4700-2BD3-4BB5-A55B-FEA738B17972}.Debug|x64.ActiveCfg = Debug|Any CPU
		{B39D4700-2BD3-4BB5-A55B-FEA738B17972}.Debug|x64.Build.0 = Debug|Any CPU
		{B39D4700-2BD3-4BB5-A55B-FEA738B17972}.Debug|x86.ActiveCfg = Debug|Any CPU
		{B39D4700-2BD3-4BB5-A55B-FEA738B17972}.Debug|x86.Build.0 = Debug|Any CPU
		{B39D4700-2BD3-4BB5-A55B-FEA738B17972}.Release|Any CPU.ActiveCfg = Release|Any CPU
		{B39D4700-2BD3-4BB5-A55B-FEA738B17972}.Release|Any CPU.Build.0 = Release|Any CPU
		{B39D4700-2BD3-4BB5-A55B-FEA738B17972}.Release|ARM.ActiveCfg = Release|Any CPU
		{B39D4700-2BD3-4BB5-A55B-FEA738B17972}.Release|ARM.Build.0 = Release|Any CPU
		{B39D4700-2BD3-4BB5-A55B-FEA738B17972}.Release|ARM64.ActiveCfg = Release|Any CPU
		{B39D4700-2BD3-4BB5-A55B-FEA738B17972}.Release|ARM64.Build.0 = Release|Any CPU
		{B39D4700-2BD3-4BB5-A55B-FEA738B17972}.Release|x64.ActiveCfg = Release|Any CPU
		{B39D4700-2BD3-4BB5-A55B-FEA738B17972}.Release|x64.Build.0 = Release|Any CPU
		{B39D4700-2BD3-4BB5-A55B-FEA738B17972}.Release|x86.ActiveCfg = Release|Any CPU
		{B39D4700-2BD3-4BB5-A55B-FEA738B17972}.Release|x86.Build.0 = Release|Any CPU
		{B39D4700-2BD3-4BB5-A55B-FEA738B17972}.Windows|Any CPU.ActiveCfg = Windows|Any CPU
		{B39D4700-2BD3-4BB5-A55B-FEA738B17972}.Windows|Any CPU.Build.0 = Windows|Any CPU
		{B39D4700-2BD3-4BB5-A55B-FEA738B17972}.Windows|ARM.ActiveCfg = Windows|Any CPU
		{B39D4700-2BD3-4BB5-A55B-FEA738B17972}.Windows|ARM.Build.0 = Windows|Any CPU
		{B39D4700-2BD3-4BB5-A55B-FEA738B17972}.Windows|ARM64.ActiveCfg = Windows|Any CPU
		{B39D4700-2BD3-4BB5-A55B-FEA738B17972}.Windows|ARM64.Build.0 = Windows|Any CPU
		{B39D4700-2BD3-4BB5-A55B-FEA738B17972}.Windows|x64.ActiveCfg = Windows|Any CPU
		{B39D4700-2BD3-4BB5-A55B-FEA738B17972}.Windows|x64.Build.0 = Windows|Any CPU
		{B39D4700-2BD3-4BB5-A55B-FEA738B17972}.Windows|x86.ActiveCfg = Windows|Any CPU
		{B39D4700-2BD3-4BB5-A55B-FEA738B17972}.Windows|x86.Build.0 = Windows|Any CPU
		{831FED58-B94E-40A8-8DC3-54F2EF36E879}.Debug|Any CPU.ActiveCfg = Debug|Any CPU
		{831FED58-B94E-40A8-8DC3-54F2EF36E879}.Debug|Any CPU.Build.0 = Debug|Any CPU
		{831FED58-B94E-40A8-8DC3-54F2EF36E879}.Debug|ARM.ActiveCfg = Debug|Any CPU
		{831FED58-B94E-40A8-8DC3-54F2EF36E879}.Debug|ARM.Build.0 = Debug|Any CPU
		{831FED58-B94E-40A8-8DC3-54F2EF36E879}.Debug|ARM64.ActiveCfg = Debug|Any CPU
		{831FED58-B94E-40A8-8DC3-54F2EF36E879}.Debug|ARM64.Build.0 = Debug|Any CPU
		{831FED58-B94E-40A8-8DC3-54F2EF36E879}.Debug|x64.ActiveCfg = Debug|Any CPU
		{831FED58-B94E-40A8-8DC3-54F2EF36E879}.Debug|x64.Build.0 = Debug|Any CPU
		{831FED58-B94E-40A8-8DC3-54F2EF36E879}.Debug|x86.ActiveCfg = Debug|Any CPU
		{831FED58-B94E-40A8-8DC3-54F2EF36E879}.Debug|x86.Build.0 = Debug|Any CPU
		{831FED58-B94E-40A8-8DC3-54F2EF36E879}.Release|Any CPU.ActiveCfg = Release|Any CPU
		{831FED58-B94E-40A8-8DC3-54F2EF36E879}.Release|Any CPU.Build.0 = Release|Any CPU
		{831FED58-B94E-40A8-8DC3-54F2EF36E879}.Release|ARM.ActiveCfg = Release|Any CPU
		{831FED58-B94E-40A8-8DC3-54F2EF36E879}.Release|ARM.Build.0 = Release|Any CPU
		{831FED58-B94E-40A8-8DC3-54F2EF36E879}.Release|ARM64.ActiveCfg = Release|Any CPU
		{831FED58-B94E-40A8-8DC3-54F2EF36E879}.Release|ARM64.Build.0 = Release|Any CPU
		{831FED58-B94E-40A8-8DC3-54F2EF36E879}.Release|x64.ActiveCfg = Release|Any CPU
		{831FED58-B94E-40A8-8DC3-54F2EF36E879}.Release|x64.Build.0 = Release|Any CPU
		{831FED58-B94E-40A8-8DC3-54F2EF36E879}.Release|x86.ActiveCfg = Release|Any CPU
		{831FED58-B94E-40A8-8DC3-54F2EF36E879}.Release|x86.Build.0 = Release|Any CPU
		{831FED58-B94E-40A8-8DC3-54F2EF36E879}.Windows|Any CPU.ActiveCfg = Release|Any CPU
		{831FED58-B94E-40A8-8DC3-54F2EF36E879}.Windows|ARM.ActiveCfg = Release|Any CPU
		{831FED58-B94E-40A8-8DC3-54F2EF36E879}.Windows|ARM64.ActiveCfg = Release|Any CPU
		{831FED58-B94E-40A8-8DC3-54F2EF36E879}.Windows|x64.ActiveCfg = Release|Any CPU
		{831FED58-B94E-40A8-8DC3-54F2EF36E879}.Windows|x86.ActiveCfg = Release|Any CPU
		{C613C4EF-C576-4D06-B26A-DDB84DE8930C}.Debug|Any CPU.ActiveCfg = Debug|Any CPU
		{C613C4EF-C576-4D06-B26A-DDB84DE8930C}.Debug|Any CPU.Build.0 = Debug|Any CPU
		{C613C4EF-C576-4D06-B26A-DDB84DE8930C}.Debug|Any CPU.Deploy.0 = Debug|Any CPU
		{C613C4EF-C576-4D06-B26A-DDB84DE8930C}.Debug|ARM.ActiveCfg = Debug|ARM
		{C613C4EF-C576-4D06-B26A-DDB84DE8930C}.Debug|ARM.Build.0 = Debug|ARM
		{C613C4EF-C576-4D06-B26A-DDB84DE8930C}.Debug|ARM.Deploy.0 = Debug|ARM
		{C613C4EF-C576-4D06-B26A-DDB84DE8930C}.Debug|ARM64.ActiveCfg = Debug|ARM64
		{C613C4EF-C576-4D06-B26A-DDB84DE8930C}.Debug|ARM64.Build.0 = Debug|ARM64
		{C613C4EF-C576-4D06-B26A-DDB84DE8930C}.Debug|ARM64.Deploy.0 = Debug|ARM64
		{C613C4EF-C576-4D06-B26A-DDB84DE8930C}.Debug|x64.ActiveCfg = Debug|x64
		{C613C4EF-C576-4D06-B26A-DDB84DE8930C}.Debug|x64.Build.0 = Debug|x64
		{C613C4EF-C576-4D06-B26A-DDB84DE8930C}.Debug|x64.Deploy.0 = Debug|x64
		{C613C4EF-C576-4D06-B26A-DDB84DE8930C}.Debug|x86.ActiveCfg = Debug|x86
		{C613C4EF-C576-4D06-B26A-DDB84DE8930C}.Debug|x86.Build.0 = Debug|x86
		{C613C4EF-C576-4D06-B26A-DDB84DE8930C}.Debug|x86.Deploy.0 = Debug|x86
		{C613C4EF-C576-4D06-B26A-DDB84DE8930C}.Release|Any CPU.ActiveCfg = Release|Any CPU
		{C613C4EF-C576-4D06-B26A-DDB84DE8930C}.Release|Any CPU.Build.0 = Release|Any CPU
		{C613C4EF-C576-4D06-B26A-DDB84DE8930C}.Release|Any CPU.Deploy.0 = Release|Any CPU
		{C613C4EF-C576-4D06-B26A-DDB84DE8930C}.Release|ARM.ActiveCfg = Release|ARM
		{C613C4EF-C576-4D06-B26A-DDB84DE8930C}.Release|ARM.Build.0 = Release|ARM
		{C613C4EF-C576-4D06-B26A-DDB84DE8930C}.Release|ARM.Deploy.0 = Release|ARM
		{C613C4EF-C576-4D06-B26A-DDB84DE8930C}.Release|ARM64.ActiveCfg = Release|ARM64
		{C613C4EF-C576-4D06-B26A-DDB84DE8930C}.Release|ARM64.Build.0 = Release|ARM64
		{C613C4EF-C576-4D06-B26A-DDB84DE8930C}.Release|ARM64.Deploy.0 = Release|ARM64
		{C613C4EF-C576-4D06-B26A-DDB84DE8930C}.Release|x64.ActiveCfg = Release|x64
		{C613C4EF-C576-4D06-B26A-DDB84DE8930C}.Release|x64.Build.0 = Release|x64
		{C613C4EF-C576-4D06-B26A-DDB84DE8930C}.Release|x64.Deploy.0 = Release|x64
		{C613C4EF-C576-4D06-B26A-DDB84DE8930C}.Release|x86.ActiveCfg = Release|x86
		{C613C4EF-C576-4D06-B26A-DDB84DE8930C}.Release|x86.Build.0 = Release|x86
		{C613C4EF-C576-4D06-B26A-DDB84DE8930C}.Release|x86.Deploy.0 = Release|x86
		{C613C4EF-C576-4D06-B26A-DDB84DE8930C}.Windows|Any CPU.ActiveCfg = Release|Any CPU
		{C613C4EF-C576-4D06-B26A-DDB84DE8930C}.Windows|ARM.ActiveCfg = Release|ARM
		{C613C4EF-C576-4D06-B26A-DDB84DE8930C}.Windows|ARM64.ActiveCfg = Release|ARM64
		{C613C4EF-C576-4D06-B26A-DDB84DE8930C}.Windows|x64.ActiveCfg = Release|x64
		{C613C4EF-C576-4D06-B26A-DDB84DE8930C}.Windows|x86.ActiveCfg = Release|x86
		{121F7EC9-299C-4996-8019-F3F58C5CEEFF}.Debug|Any CPU.ActiveCfg = Debug|Any CPU
		{121F7EC9-299C-4996-8019-F3F58C5CEEFF}.Debug|Any CPU.Build.0 = Debug|Any CPU
		{121F7EC9-299C-4996-8019-F3F58C5CEEFF}.Debug|ARM.ActiveCfg = Debug|Any CPU
		{121F7EC9-299C-4996-8019-F3F58C5CEEFF}.Debug|ARM.Build.0 = Debug|Any CPU
		{121F7EC9-299C-4996-8019-F3F58C5CEEFF}.Debug|ARM64.ActiveCfg = Debug|Any CPU
		{121F7EC9-299C-4996-8019-F3F58C5CEEFF}.Debug|ARM64.Build.0 = Debug|Any CPU
		{121F7EC9-299C-4996-8019-F3F58C5CEEFF}.Debug|x64.ActiveCfg = Debug|Any CPU
		{121F7EC9-299C-4996-8019-F3F58C5CEEFF}.Debug|x64.Build.0 = Debug|Any CPU
		{121F7EC9-299C-4996-8019-F3F58C5CEEFF}.Debug|x86.ActiveCfg = Debug|Any CPU
		{121F7EC9-299C-4996-8019-F3F58C5CEEFF}.Debug|x86.Build.0 = Debug|Any CPU
		{121F7EC9-299C-4996-8019-F3F58C5CEEFF}.Release|Any CPU.ActiveCfg = Release|Any CPU
		{121F7EC9-299C-4996-8019-F3F58C5CEEFF}.Release|Any CPU.Build.0 = Release|Any CPU
		{121F7EC9-299C-4996-8019-F3F58C5CEEFF}.Release|ARM.ActiveCfg = Release|Any CPU
		{121F7EC9-299C-4996-8019-F3F58C5CEEFF}.Release|ARM.Build.0 = Release|Any CPU
		{121F7EC9-299C-4996-8019-F3F58C5CEEFF}.Release|ARM64.ActiveCfg = Release|Any CPU
		{121F7EC9-299C-4996-8019-F3F58C5CEEFF}.Release|ARM64.Build.0 = Release|Any CPU
		{121F7EC9-299C-4996-8019-F3F58C5CEEFF}.Release|x64.ActiveCfg = Release|Any CPU
		{121F7EC9-299C-4996-8019-F3F58C5CEEFF}.Release|x64.Build.0 = Release|Any CPU
		{121F7EC9-299C-4996-8019-F3F58C5CEEFF}.Release|x86.ActiveCfg = Release|Any CPU
		{121F7EC9-299C-4996-8019-F3F58C5CEEFF}.Release|x86.Build.0 = Release|Any CPU
		{121F7EC9-299C-4996-8019-F3F58C5CEEFF}.Windows|Any CPU.ActiveCfg = Debug|Any CPU
		{121F7EC9-299C-4996-8019-F3F58C5CEEFF}.Windows|Any CPU.Build.0 = Debug|Any CPU
		{121F7EC9-299C-4996-8019-F3F58C5CEEFF}.Windows|ARM.ActiveCfg = Debug|Any CPU
		{121F7EC9-299C-4996-8019-F3F58C5CEEFF}.Windows|ARM.Build.0 = Debug|Any CPU
		{121F7EC9-299C-4996-8019-F3F58C5CEEFF}.Windows|ARM64.ActiveCfg = Debug|Any CPU
		{121F7EC9-299C-4996-8019-F3F58C5CEEFF}.Windows|ARM64.Build.0 = Debug|Any CPU
		{121F7EC9-299C-4996-8019-F3F58C5CEEFF}.Windows|x64.ActiveCfg = Debug|Any CPU
		{121F7EC9-299C-4996-8019-F3F58C5CEEFF}.Windows|x64.Build.0 = Debug|Any CPU
		{121F7EC9-299C-4996-8019-F3F58C5CEEFF}.Windows|x86.ActiveCfg = Debug|Any CPU
		{121F7EC9-299C-4996-8019-F3F58C5CEEFF}.Windows|x86.Build.0 = Debug|Any CPU
		{D883BE78-6F55-4883-BBC7-8DBF9B729A40}.Debug|Any CPU.ActiveCfg = Debug|Any CPU
		{D883BE78-6F55-4883-BBC7-8DBF9B729A40}.Debug|Any CPU.Build.0 = Debug|Any CPU
		{D883BE78-6F55-4883-BBC7-8DBF9B729A40}.Debug|ARM.ActiveCfg = Debug|Any CPU
		{D883BE78-6F55-4883-BBC7-8DBF9B729A40}.Debug|ARM.Build.0 = Debug|Any CPU
		{D883BE78-6F55-4883-BBC7-8DBF9B729A40}.Debug|ARM64.ActiveCfg = Debug|Any CPU
		{D883BE78-6F55-4883-BBC7-8DBF9B729A40}.Debug|ARM64.Build.0 = Debug|Any CPU
		{D883BE78-6F55-4883-BBC7-8DBF9B729A40}.Debug|x64.ActiveCfg = Debug|Any CPU
		{D883BE78-6F55-4883-BBC7-8DBF9B729A40}.Debug|x64.Build.0 = Debug|Any CPU
		{D883BE78-6F55-4883-BBC7-8DBF9B729A40}.Debug|x86.ActiveCfg = Debug|Any CPU
		{D883BE78-6F55-4883-BBC7-8DBF9B729A40}.Debug|x86.Build.0 = Debug|Any CPU
		{D883BE78-6F55-4883-BBC7-8DBF9B729A40}.Release|Any CPU.ActiveCfg = Release|Any CPU
		{D883BE78-6F55-4883-BBC7-8DBF9B729A40}.Release|Any CPU.Build.0 = Release|Any CPU
		{D883BE78-6F55-4883-BBC7-8DBF9B729A40}.Release|ARM.ActiveCfg = Release|Any CPU
		{D883BE78-6F55-4883-BBC7-8DBF9B729A40}.Release|ARM.Build.0 = Release|Any CPU
		{D883BE78-6F55-4883-BBC7-8DBF9B729A40}.Release|ARM64.ActiveCfg = Release|Any CPU
		{D883BE78-6F55-4883-BBC7-8DBF9B729A40}.Release|ARM64.Build.0 = Release|Any CPU
		{D883BE78-6F55-4883-BBC7-8DBF9B729A40}.Release|x64.ActiveCfg = Release|Any CPU
		{D883BE78-6F55-4883-BBC7-8DBF9B729A40}.Release|x64.Build.0 = Release|Any CPU
		{D883BE78-6F55-4883-BBC7-8DBF9B729A40}.Release|x86.ActiveCfg = Release|Any CPU
		{D883BE78-6F55-4883-BBC7-8DBF9B729A40}.Release|x86.Build.0 = Release|Any CPU
		{D883BE78-6F55-4883-BBC7-8DBF9B729A40}.Windows|Any CPU.ActiveCfg = Debug|Any CPU
		{D883BE78-6F55-4883-BBC7-8DBF9B729A40}.Windows|Any CPU.Build.0 = Debug|Any CPU
		{D883BE78-6F55-4883-BBC7-8DBF9B729A40}.Windows|ARM.ActiveCfg = Debug|Any CPU
		{D883BE78-6F55-4883-BBC7-8DBF9B729A40}.Windows|ARM.Build.0 = Debug|Any CPU
		{D883BE78-6F55-4883-BBC7-8DBF9B729A40}.Windows|ARM64.ActiveCfg = Debug|Any CPU
		{D883BE78-6F55-4883-BBC7-8DBF9B729A40}.Windows|ARM64.Build.0 = Debug|Any CPU
		{D883BE78-6F55-4883-BBC7-8DBF9B729A40}.Windows|x64.ActiveCfg = Debug|Any CPU
		{D883BE78-6F55-4883-BBC7-8DBF9B729A40}.Windows|x64.Build.0 = Debug|Any CPU
		{D883BE78-6F55-4883-BBC7-8DBF9B729A40}.Windows|x86.ActiveCfg = Debug|Any CPU
		{D883BE78-6F55-4883-BBC7-8DBF9B729A40}.Windows|x86.Build.0 = Debug|Any CPU
		{F866FEA4-015E-4335-9123-9CA178418E39}.Debug|Any CPU.ActiveCfg = Debug|Any CPU
		{F866FEA4-015E-4335-9123-9CA178418E39}.Debug|Any CPU.Build.0 = Debug|Any CPU
		{F866FEA4-015E-4335-9123-9CA178418E39}.Debug|ARM.ActiveCfg = Debug|Any CPU
		{F866FEA4-015E-4335-9123-9CA178418E39}.Debug|ARM.Build.0 = Debug|Any CPU
		{F866FEA4-015E-4335-9123-9CA178418E39}.Debug|ARM64.ActiveCfg = Debug|Any CPU
		{F866FEA4-015E-4335-9123-9CA178418E39}.Debug|ARM64.Build.0 = Debug|Any CPU
		{F866FEA4-015E-4335-9123-9CA178418E39}.Debug|x64.ActiveCfg = Debug|Any CPU
		{F866FEA4-015E-4335-9123-9CA178418E39}.Debug|x64.Build.0 = Debug|Any CPU
		{F866FEA4-015E-4335-9123-9CA178418E39}.Debug|x86.ActiveCfg = Debug|Any CPU
		{F866FEA4-015E-4335-9123-9CA178418E39}.Debug|x86.Build.0 = Debug|Any CPU
		{F866FEA4-015E-4335-9123-9CA178418E39}.Release|Any CPU.ActiveCfg = Release|Any CPU
		{F866FEA4-015E-4335-9123-9CA178418E39}.Release|Any CPU.Build.0 = Release|Any CPU
		{F866FEA4-015E-4335-9123-9CA178418E39}.Release|ARM.ActiveCfg = Release|Any CPU
		{F866FEA4-015E-4335-9123-9CA178418E39}.Release|ARM.Build.0 = Release|Any CPU
		{F866FEA4-015E-4335-9123-9CA178418E39}.Release|ARM64.ActiveCfg = Release|Any CPU
		{F866FEA4-015E-4335-9123-9CA178418E39}.Release|ARM64.Build.0 = Release|Any CPU
		{F866FEA4-015E-4335-9123-9CA178418E39}.Release|x64.ActiveCfg = Release|Any CPU
		{F866FEA4-015E-4335-9123-9CA178418E39}.Release|x64.Build.0 = Release|Any CPU
		{F866FEA4-015E-4335-9123-9CA178418E39}.Release|x86.ActiveCfg = Release|Any CPU
		{F866FEA4-015E-4335-9123-9CA178418E39}.Release|x86.Build.0 = Release|Any CPU
		{F866FEA4-015E-4335-9123-9CA178418E39}.Windows|Any CPU.ActiveCfg = Debug|Any CPU
		{F866FEA4-015E-4335-9123-9CA178418E39}.Windows|Any CPU.Build.0 = Debug|Any CPU
		{F866FEA4-015E-4335-9123-9CA178418E39}.Windows|ARM.ActiveCfg = Debug|Any CPU
		{F866FEA4-015E-4335-9123-9CA178418E39}.Windows|ARM.Build.0 = Debug|Any CPU
		{F866FEA4-015E-4335-9123-9CA178418E39}.Windows|ARM64.ActiveCfg = Debug|Any CPU
		{F866FEA4-015E-4335-9123-9CA178418E39}.Windows|ARM64.Build.0 = Debug|Any CPU
		{F866FEA4-015E-4335-9123-9CA178418E39}.Windows|x64.ActiveCfg = Debug|Any CPU
		{F866FEA4-015E-4335-9123-9CA178418E39}.Windows|x64.Build.0 = Debug|Any CPU
		{F866FEA4-015E-4335-9123-9CA178418E39}.Windows|x86.ActiveCfg = Debug|Any CPU
		{F866FEA4-015E-4335-9123-9CA178418E39}.Windows|x86.Build.0 = Debug|Any CPU
		{9E2A7618-EA69-4308-8057-915806D9C30C}.Debug|Any CPU.ActiveCfg = Debug|Any CPU
		{9E2A7618-EA69-4308-8057-915806D9C30C}.Debug|Any CPU.Build.0 = Debug|Any CPU
		{9E2A7618-EA69-4308-8057-915806D9C30C}.Debug|ARM.ActiveCfg = Debug|Any CPU
		{9E2A7618-EA69-4308-8057-915806D9C30C}.Debug|ARM.Build.0 = Debug|Any CPU
		{9E2A7618-EA69-4308-8057-915806D9C30C}.Debug|ARM64.ActiveCfg = Debug|Any CPU
		{9E2A7618-EA69-4308-8057-915806D9C30C}.Debug|ARM64.Build.0 = Debug|Any CPU
		{9E2A7618-EA69-4308-8057-915806D9C30C}.Debug|x64.ActiveCfg = Debug|Any CPU
		{9E2A7618-EA69-4308-8057-915806D9C30C}.Debug|x64.Build.0 = Debug|Any CPU
		{9E2A7618-EA69-4308-8057-915806D9C30C}.Debug|x86.ActiveCfg = Debug|Any CPU
		{9E2A7618-EA69-4308-8057-915806D9C30C}.Debug|x86.Build.0 = Debug|Any CPU
		{9E2A7618-EA69-4308-8057-915806D9C30C}.Release|Any CPU.ActiveCfg = Release|Any CPU
		{9E2A7618-EA69-4308-8057-915806D9C30C}.Release|Any CPU.Build.0 = Release|Any CPU
		{9E2A7618-EA69-4308-8057-915806D9C30C}.Release|ARM.ActiveCfg = Release|Any CPU
		{9E2A7618-EA69-4308-8057-915806D9C30C}.Release|ARM.Build.0 = Release|Any CPU
		{9E2A7618-EA69-4308-8057-915806D9C30C}.Release|ARM64.ActiveCfg = Release|Any CPU
		{9E2A7618-EA69-4308-8057-915806D9C30C}.Release|ARM64.Build.0 = Release|Any CPU
		{9E2A7618-EA69-4308-8057-915806D9C30C}.Release|x64.ActiveCfg = Release|Any CPU
		{9E2A7618-EA69-4308-8057-915806D9C30C}.Release|x64.Build.0 = Release|Any CPU
		{9E2A7618-EA69-4308-8057-915806D9C30C}.Release|x86.ActiveCfg = Release|Any CPU
		{9E2A7618-EA69-4308-8057-915806D9C30C}.Release|x86.Build.0 = Release|Any CPU
		{9E2A7618-EA69-4308-8057-915806D9C30C}.Windows|Any CPU.ActiveCfg = Debug|Any CPU
		{9E2A7618-EA69-4308-8057-915806D9C30C}.Windows|Any CPU.Build.0 = Debug|Any CPU
		{9E2A7618-EA69-4308-8057-915806D9C30C}.Windows|ARM.ActiveCfg = Debug|Any CPU
		{9E2A7618-EA69-4308-8057-915806D9C30C}.Windows|ARM.Build.0 = Debug|Any CPU
		{9E2A7618-EA69-4308-8057-915806D9C30C}.Windows|ARM64.ActiveCfg = Debug|Any CPU
		{9E2A7618-EA69-4308-8057-915806D9C30C}.Windows|ARM64.Build.0 = Debug|Any CPU
		{9E2A7618-EA69-4308-8057-915806D9C30C}.Windows|x64.ActiveCfg = Debug|Any CPU
		{9E2A7618-EA69-4308-8057-915806D9C30C}.Windows|x64.Build.0 = Debug|Any CPU
		{9E2A7618-EA69-4308-8057-915806D9C30C}.Windows|x86.ActiveCfg = Debug|Any CPU
		{9E2A7618-EA69-4308-8057-915806D9C30C}.Windows|x86.Build.0 = Debug|Any CPU
		{442D68F8-A621-485F-B591-63EC732458E0}.Debug|Any CPU.ActiveCfg = Debug|Any CPU
		{442D68F8-A621-485F-B591-63EC732458E0}.Debug|Any CPU.Build.0 = Debug|Any CPU
		{442D68F8-A621-485F-B591-63EC732458E0}.Debug|ARM.ActiveCfg = Debug|Any CPU
		{442D68F8-A621-485F-B591-63EC732458E0}.Debug|ARM.Build.0 = Debug|Any CPU
		{442D68F8-A621-485F-B591-63EC732458E0}.Debug|ARM64.ActiveCfg = Debug|Any CPU
		{442D68F8-A621-485F-B591-63EC732458E0}.Debug|ARM64.Build.0 = Debug|Any CPU
		{442D68F8-A621-485F-B591-63EC732458E0}.Debug|x64.ActiveCfg = Debug|Any CPU
		{442D68F8-A621-485F-B591-63EC732458E0}.Debug|x64.Build.0 = Debug|Any CPU
		{442D68F8-A621-485F-B591-63EC732458E0}.Debug|x86.ActiveCfg = Debug|Any CPU
		{442D68F8-A621-485F-B591-63EC732458E0}.Debug|x86.Build.0 = Debug|Any CPU
		{442D68F8-A621-485F-B591-63EC732458E0}.Release|Any CPU.ActiveCfg = Release|Any CPU
		{442D68F8-A621-485F-B591-63EC732458E0}.Release|Any CPU.Build.0 = Release|Any CPU
		{442D68F8-A621-485F-B591-63EC732458E0}.Release|ARM.ActiveCfg = Release|Any CPU
		{442D68F8-A621-485F-B591-63EC732458E0}.Release|ARM.Build.0 = Release|Any CPU
		{442D68F8-A621-485F-B591-63EC732458E0}.Release|ARM64.ActiveCfg = Release|Any CPU
		{442D68F8-A621-485F-B591-63EC732458E0}.Release|ARM64.Build.0 = Release|Any CPU
		{442D68F8-A621-485F-B591-63EC732458E0}.Release|x64.ActiveCfg = Release|Any CPU
		{442D68F8-A621-485F-B591-63EC732458E0}.Release|x64.Build.0 = Release|Any CPU
		{442D68F8-A621-485F-B591-63EC732458E0}.Release|x86.ActiveCfg = Release|Any CPU
		{442D68F8-A621-485F-B591-63EC732458E0}.Release|x86.Build.0 = Release|Any CPU
		{442D68F8-A621-485F-B591-63EC732458E0}.Windows|Any CPU.ActiveCfg = Debug|Any CPU
		{442D68F8-A621-485F-B591-63EC732458E0}.Windows|Any CPU.Build.0 = Debug|Any CPU
		{442D68F8-A621-485F-B591-63EC732458E0}.Windows|ARM.ActiveCfg = Debug|Any CPU
		{442D68F8-A621-485F-B591-63EC732458E0}.Windows|ARM.Build.0 = Debug|Any CPU
		{442D68F8-A621-485F-B591-63EC732458E0}.Windows|ARM64.ActiveCfg = Debug|Any CPU
		{442D68F8-A621-485F-B591-63EC732458E0}.Windows|ARM64.Build.0 = Debug|Any CPU
		{442D68F8-A621-485F-B591-63EC732458E0}.Windows|x64.ActiveCfg = Debug|Any CPU
		{442D68F8-A621-485F-B591-63EC732458E0}.Windows|x64.Build.0 = Debug|Any CPU
		{442D68F8-A621-485F-B591-63EC732458E0}.Windows|x86.ActiveCfg = Debug|Any CPU
		{442D68F8-A621-485F-B591-63EC732458E0}.Windows|x86.Build.0 = Debug|Any CPU
	EndGlobalSection
	GlobalSection(SolutionProperties) = preSolution
		HideSolutionNode = FALSE
	EndGlobalSection
	GlobalSection(ExtensibilityGlobals) = postSolution
		SolutionGuid = {A8F5C168-27FB-4182-975A-16805EB14074}
	EndGlobalSection
EndGlobal
